{
  "object": {
    "pins": [
      {
        "package": "Alamofire",
        "repositoryURL": "https://github.com/Alamofire/Alamofire.git",
        "state": {
          "branch": null,
          "revision": "59037bfd28aa963a7916f1eb22a74107a3522f16",
          "version": "5.0.5"
        }
      },
      {
        "package": "AlamofireImage",
        "repositoryURL": "https://github.com/Alamofire/AlamofireImage.git",
        "state": {
          "branch": null,
          "revision": "5384f5509cb37075c468002fb49ffe0faa82e2ad",
          "version": "4.0.3"
        }
      },
      {
        "package": "PMKCoreLocation",
        "repositoryURL": "https://github.com/PromiseKit/CoreLocation.git",
        "state": {
          "branch": null,
          "revision": "d027bbcdfffc83fa7a790aa6f9189b18c94632e2",
          "version": "3.1.1"
        }
      },
      {
        "package": "Facebook",
        "repositoryURL": "https://github.com/facebook/facebook-ios-sdk.git",
        "state": {
          "branch": null,
          "revision": "5033e483f9b4c2e97344ac6a4044106de7f90585",
          "version": "6.3.0"
        }
      },
      {
        "package": "Haptica",
        "repositoryURL": "https://github.com/efremidze/Haptica.git",
        "state": {
          "branch": null,
          "revision": "4084702c85102c2d17d58e42ec5a750094944864",
          "version": "3.0.2"
        }
      },
      {
        "package": "Hero",
        "repositoryURL": "https://github.com/HeroTransitions/Hero.git",
        "state": {
          "branch": null,
          "revision": "ae951b89f23485de8a7b95aaa5cead7f78ab1df0",
          "version": "1.5.0"
        }
      },
      {
        "package": "IQKeyboardManagerSwift",
        "repositoryURL": "https://github.com/hackiftekhar/IQKeyboardManager.git",
        "state": {
          "branch": null,
          "revision": "b0f0a127cca6bb39378447baa2afff74123abd09",
          "version": "6.5.5"
        }
      },
      {
        "package": "KeychainAccess",
        "repositoryURL": "https://github.com/kishikawakatsumi/KeychainAccess.git",
        "state": {
          "branch": null,
          "revision": "b920ad7df3c73189dcdd4aa05c540849b2010dbf",
          "version": "4.1.0"
        }
      },
      {
        "package": "LetterAvatarKit",
        "repositoryURL": "https://github.com/vpeschenkov/LetterAvatarKit.git",
        "state": {
          "branch": null,
          "revision": "218b48b379ec40166b89a048faa62eaa8d206b70",
          "version": "1.2.2"
        }
      },
      {
        "package": "MarqueeLabel",
        "repositoryURL": "https://github.com/cbpowell/MarqueeLabel",
        "state": {
          "branch": null,
          "revision": "8cd051e549b4fcbc469cc1cb7c55ae10f49caef8",
          "version": "4.0.2"
        }
      },
      {
        "package": "MSBBarChart",
        "repositoryURL": "https://github.com/misyobun/MSBBarChart.git",
        "state": {
          "branch": null,
          "revision": "16cf3f0c1f1658d3584fc27585608e8743e7b572",
          "version": "1.0.1"
        }
      },
      {
        "package": "Nimble",
        "repositoryURL": "https://github.com/Quick/Nimble",
        "state": {
          "branch": null,
          "revision": "7fd118ec8795888bcbbebc1a41f6984454c4cd6f",
          "version": "8.0.7"
        }
      },
      {
        "package": "NotificationBannerSwift",
        "repositoryURL": "https://github.com/Daltron/NotificationBanner.git",
        "state": {
          "branch": null,
          "revision": "a852488c04c5bfdb32021711b3dde465ad0899ef",
          "version": "3.0.4"
        }
      },
      {
        "package": "NSAttributedStringBuilder",
        "repositoryURL": "https://github.com/ethanhuang13/NSAttributedStringBuilder.git",
        "state": {
          "branch": null,
          "revision": "4a3b02b8b4baf531490e1ddae8ed4a667bdb12b5",
          "version": "0.3.3"
        }
      },
      {
        "package": "PaperOnboarding",
        "repositoryURL": "https://github.com/Ramotion/paper-onboarding.git",
        "state": {
          "branch": null,
          "revision": "c77ff68563eb44671394e976b7c877dc442809d9",
          "version": "6.1.4"
        }
      },
      {
        "package": "PromiseKit",
        "repositoryURL": "https://github.com/mxcl/PromiseKit.git",
        "state": {
          "branch": null,
          "revision": "f14f16cc2602afec1030e4f492100d6d43dca544",
          "version": "6.13.1"
        }
      },
      {
        "package": "Quick",
        "repositoryURL": "https://github.com/Quick/Quick",
        "state": {
          "branch": null,
          "revision": "33682c2f6230c60614861dfc61df267e11a1602f",
          "version": "2.2.0"
        }
      },
      {
        "package": "Shuffle",
        "repositoryURL": "https://github.com/mac-gallagher/Shuffle.git",
        "state": {
          "branch": "master",
          "revision": "e30d9f4096acd4eb198abf10ec5ea86460a39964",
          "version": null
        }
      },
      {
        "package": "SnapKit",
        "repositoryURL": "https://github.com/SnapKit/SnapKit.git",
        "state": {
          "branch": null,
          "revision": "d458564516e5676af9c70b4f4b2a9178294f1bc6",
          "version": "5.0.1"
        }
      },
      {
        "package": "SwiftDate",
        "repositoryURL": "https://github.com/malcommac/SwiftDate.git",
        "state": {
          "branch": null,
          "revision": "700dde1b3417fd4a7fd2bec9f5bc8ab2de1b96b4",
          "version": "6.1.0"
        }
      },
      {
        "package": "SwiftLocation",
        "repositoryURL": "https://github.com/malcommac/SwiftLocation.git",
        "state": {
          "branch": null,
          "revision": "0738a53d828ac3bede72b718af18a915ff1ed27d",
          "version": "4.2.0"
        }
      },
      {
        "package": "SwiftyUserDefaults",
        "repositoryURL": "https://github.com/sunshinejr/SwiftyUserDefaults.git",
        "state": {
          "branch": null,
          "revision": "1930a81a299b074fd72eee09e88e452ad37dc34d",
          "version": "5.0.0"
        }
      }
    ]
  },
  "version": 1
}
