// !$*UTF8*$!
{
	archiveVersion = 1;
	classes = {
	};
	objectVersion = 52;
	objects = {

/* Begin PBXBuildFile section */
		023EFC0524323932000A46B7 /* CollectDataInitialCoordinator.swift in Sources */ = {isa = PBXBuildFile; fileRef = 023EFC0424323932000A46B7 /* CollectDataInitialCoordinator.swift */; };
		0285CDA22431EDF2004DF64A /* MetricStatesCell.swift in Sources */ = {isa = PBXBuildFile; fileRef = 0285CDA02431EDF2004DF64A /* MetricStatesCell.swift */; };
		0285CDA32431EDF2004DF64A /* MetricStatesCell.xib in Resources */ = {isa = PBXBuildFile; fileRef = 0285CDA12431EDF2004DF64A /* MetricStatesCell.xib */; };
		0285CDA52431EFDB004DF64A /* DynamicHeightCollectionView.swift in Sources */ = {isa = PBXBuildFile; fileRef = 0285CDA42431EFDB004DF64A /* DynamicHeightCollectionView.swift */; };
		0285CDA7243216BA004DF64A /* NoFriendsViewController.swift in Sources */ = {isa = PBXBuildFile; fileRef = 0285CDA6243216BA004DF64A /* NoFriendsViewController.swift */; };
		0285CDA924321850004DF64A /* MainViewModel.swift in Sources */ = {isa = PBXBuildFile; fileRef = 0285CDA824321850004DF64A /* MainViewModel.swift */; };
		0285CDAB24321D1E004DF64A /* CollectDataViewController.swift in Sources */ = {isa = PBXBuildFile; fileRef = 0285CDAA24321D1E004DF64A /* CollectDataViewController.swift */; };
		0285CDAD24322164004DF64A /* CollectInitialDataViewController.swift in Sources */ = {isa = PBXBuildFile; fileRef = 0285CDAC24322164004DF64A /* CollectInitialDataViewController.swift */; };
		02A9440E242B8CE100623BC4 /* AppDelegate.swift in Sources */ = {isa = PBXBuildFile; fileRef = 02A9440D242B8CE100623BC4 /* AppDelegate.swift */; };
		02A94415242B8CE100623BC4 /* Main.storyboard in Resources */ = {isa = PBXBuildFile; fileRef = 02A94413242B8CE100623BC4 /* Main.storyboard */; };
		02A94417242B8CE400623BC4 /* Assets.xcassets in Resources */ = {isa = PBXBuildFile; fileRef = 02A94416242B8CE400623BC4 /* Assets.xcassets */; };
		02A9441A242B8CE400623BC4 /* LaunchScreen.storyboard in Resources */ = {isa = PBXBuildFile; fileRef = 02A94418242B8CE400623BC4 /* LaunchScreen.storyboard */; };
		02A94423242B923C00623BC4 /* Alamofire in Frameworks */ = {isa = PBXBuildFile; productRef = 02A94422242B923C00623BC4 /* Alamofire */; };
		02A94429242B93B100623BC4 /* SnapKit in Frameworks */ = {isa = PBXBuildFile; productRef = 02A94428242B93B100623BC4 /* SnapKit */; };
		02A9442C242B93FB00623BC4 /* Hero in Frameworks */ = {isa = PBXBuildFile; productRef = 02A9442B242B93FB00623BC4 /* Hero */; };
		02A9442F242B954900623BC4 /* SwiftyUserDefaults in Frameworks */ = {isa = PBXBuildFile; productRef = 02A9442E242B954900623BC4 /* SwiftyUserDefaults */; };
		02A94432242B961F00623BC4 /* AlamofireImage in Frameworks */ = {isa = PBXBuildFile; productRef = 02A94431242B961F00623BC4 /* AlamofireImage */; };
		02A94435242B977300623BC4 /* SwiftDate in Frameworks */ = {isa = PBXBuildFile; productRef = 02A94434242B977300623BC4 /* SwiftDate */; };
		02A94438242B979E00623BC4 /* Haptica in Frameworks */ = {isa = PBXBuildFile; productRef = 02A94437242B979E00623BC4 /* Haptica */; };
		02A9443B242B98EB00623BC4 /* MSBBarChart in Frameworks */ = {isa = PBXBuildFile; productRef = 02A9443A242B98EB00623BC4 /* MSBBarChart */; };
		02A94450242B99AA00623BC4 /* Palette.swift in Sources */ = {isa = PBXBuildFile; fileRef = 02A9443D242B99AA00623BC4 /* Palette.swift */; };
		02A94451242B99AA00623BC4 /* UIView+Ext.swift in Sources */ = {isa = PBXBuildFile; fileRef = 02A9443F242B99AA00623BC4 /* UIView+Ext.swift */; };
		02A94452242B99AA00623BC4 /* StringExt.swift in Sources */ = {isa = PBXBuildFile; fileRef = 02A94440242B99AA00623BC4 /* StringExt.swift */; };
		02A94453242B99AA00623BC4 /* UIViewControllerExt.swift in Sources */ = {isa = PBXBuildFile; fileRef = 02A94441242B99AA00623BC4 /* UIViewControllerExt.swift */; };
		02A94454242B99AA00623BC4 /* CLLocation+Extensions.swift in Sources */ = {isa = PBXBuildFile; fileRef = 02A94442242B99AA00623BC4 /* CLLocation+Extensions.swift */; };
		02A94455242B99AA00623BC4 /* Double+Extensions.swift in Sources */ = {isa = PBXBuildFile; fileRef = 02A94443242B99AA00623BC4 /* Double+Extensions.swift */; };
		02A94456242B99AA00623BC4 /* UIImageExt.swift in Sources */ = {isa = PBXBuildFile; fileRef = 02A94444242B99AA00623BC4 /* UIImageExt.swift */; };
		02A94457242B99AA00623BC4 /* UITableView+Extension.swift in Sources */ = {isa = PBXBuildFile; fileRef = 02A94445242B99AA00623BC4 /* UITableView+Extension.swift */; };
		02A9445D242B99AA00623BC4 /* TableViewModelable.swift in Sources */ = {isa = PBXBuildFile; fileRef = 02A9444E242B99AA00623BC4 /* TableViewModelable.swift */; };
		02A9445E242B99AA00623BC4 /* Result.swift in Sources */ = {isa = PBXBuildFile; fileRef = 02A9444F242B99AA00623BC4 /* Result.swift */; };
		02A94465242B99F600623BC4 /* WindowRouter.swift in Sources */ = {isa = PBXBuildFile; fileRef = 02A94460242B99F600623BC4 /* WindowRouter.swift */; };
		02A94466242B99F600623BC4 /* Presentable.swift in Sources */ = {isa = PBXBuildFile; fileRef = 02A94461242B99F600623BC4 /* Presentable.swift */; };
		02A94467242B99F600623BC4 /* WindowCoordinator.swift in Sources */ = {isa = PBXBuildFile; fileRef = 02A94462242B99F600623BC4 /* WindowCoordinator.swift */; };
		02A94468242B99F600623BC4 /* Router.swift in Sources */ = {isa = PBXBuildFile; fileRef = 02A94463242B99F600623BC4 /* Router.swift */; };
		02A94469242B99F600623BC4 /* Coordinator.swift in Sources */ = {isa = PBXBuildFile; fileRef = 02A94464242B99F600623BC4 /* Coordinator.swift */; };
		02A9446C242B9A8300623BC4 /* NSAttributedStringBuilder in Frameworks */ = {isa = PBXBuildFile; productRef = 02A9446B242B9A8300623BC4 /* NSAttributedStringBuilder */; };
		02A9446F242B9BA300623BC4 /* PromiseKit in Frameworks */ = {isa = PBXBuildFile; productRef = 02A9446E242B9BA300623BC4 /* PromiseKit */; };
		02A94472242B9C2300623BC4 /* PMKCoreLocation in Frameworks */ = {isa = PBXBuildFile; productRef = 02A94471242B9C2300623BC4 /* PMKCoreLocation */; };
		02A94475242B9DA300623BC4 /* UIKit.framework in Frameworks */ = {isa = PBXBuildFile; fileRef = 02A94474242B9DA300623BC4 /* UIKit.framework */; };
		02A94477242B9E6600623BC4 /* CoreGraphics.framework in Frameworks */ = {isa = PBXBuildFile; fileRef = 02A94476242B9E6600623BC4 /* CoreGraphics.framework */; };
		02A944E7242BC25200623BC4 /* API.swift in Sources */ = {isa = PBXBuildFile; fileRef = 02A944E5242BC25200623BC4 /* API.swift */; };
		02A944E8242BC25200623BC4 /* RequestObject.swift in Sources */ = {isa = PBXBuildFile; fileRef = 02A944E6242BC25200623BC4 /* RequestObject.swift */; };
		02A94502242CB83E00623BC4 /* CardLayoutProvider.swift in Sources */ = {isa = PBXBuildFile; fileRef = 02A944EB242CB83E00623BC4 /* CardLayoutProvider.swift */; };
		02A94503242CB83E00623BC4 /* CardAnimationOptions.swift in Sources */ = {isa = PBXBuildFile; fileRef = 02A944EC242CB83E00623BC4 /* CardAnimationOptions.swift */; };
		02A94504242CB83E00623BC4 /* SwipeView.swift in Sources */ = {isa = PBXBuildFile; fileRef = 02A944ED242CB83E00623BC4 /* SwipeView.swift */; };
		02A94505242CB83E00623BC4 /* CardTransformProvider.swift in Sources */ = {isa = PBXBuildFile; fileRef = 02A944EE242CB83E00623BC4 /* CardTransformProvider.swift */; };
		02A94506242CB83E00623BC4 /* CardAnimator.swift in Sources */ = {isa = PBXBuildFile; fileRef = 02A944EF242CB83E00623BC4 /* CardAnimator.swift */; };
		02A94507242CB83E00623BC4 /* SwipeCardDelegate.swift in Sources */ = {isa = PBXBuildFile; fileRef = 02A944F0242CB83E00623BC4 /* SwipeCardDelegate.swift */; };
		02A94508242CB83E00623BC4 /* SwipeCard.swift in Sources */ = {isa = PBXBuildFile; fileRef = 02A944F1242CB83E00623BC4 /* SwipeCard.swift */; };
		02A94509242CB83E00623BC4 /* SwipeCardStackDataSource.swift in Sources */ = {isa = PBXBuildFile; fileRef = 02A944F3242CB83E00623BC4 /* SwipeCardStackDataSource.swift */; };
		02A9450A242CB83E00623BC4 /* CardStackAnimationOptions.swift in Sources */ = {isa = PBXBuildFile; fileRef = 02A944F4242CB83E00623BC4 /* CardStackAnimationOptions.swift */; };
		02A9450B242CB83E00623BC4 /* CardStackAnimator.swift in Sources */ = {isa = PBXBuildFile; fileRef = 02A944F5242CB83E00623BC4 /* CardStackAnimator.swift */; };
		02A9450C242CB83E00623BC4 /* SwipeCardStack.swift in Sources */ = {isa = PBXBuildFile; fileRef = 02A944F6242CB83E00623BC4 /* SwipeCardStack.swift */; };
		02A9450D242CB83E00623BC4 /* CardStackTransformProvider.swift in Sources */ = {isa = PBXBuildFile; fileRef = 02A944F7242CB83E00623BC4 /* CardStackTransformProvider.swift */; };
		02A9450E242CB83E00623BC4 /* SwipeCardStackDelegate.swift in Sources */ = {isa = PBXBuildFile; fileRef = 02A944F8242CB83E00623BC4 /* SwipeCardStackDelegate.swift */; };
		02A9450F242CB83E00623BC4 /* CardStackLayoutProvider.swift in Sources */ = {isa = PBXBuildFile; fileRef = 02A944F9242CB83E00623BC4 /* CardStackLayoutProvider.swift */; };
		02A94510242CB83E00623BC4 /* CardStackStateManager.swift in Sources */ = {isa = PBXBuildFile; fileRef = 02A944FA242CB83E00623BC4 /* CardStackStateManager.swift */; };
		02A94511242CB83E00623BC4 /* SwipeDirection.swift in Sources */ = {isa = PBXBuildFile; fileRef = 02A944FB242CB83E00623BC4 /* SwipeDirection.swift */; };
		02A94512242CB83E00623BC4 /* Array+Extensions.swift in Sources */ = {isa = PBXBuildFile; fileRef = 02A944FD242CB83E00623BC4 /* Array+Extensions.swift */; };
		02A94513242CB83E00623BC4 /* CGVector+Extensions.swift in Sources */ = {isa = PBXBuildFile; fileRef = 02A944FE242CB83E00623BC4 /* CGVector+Extensions.swift */; };
		02A94514242CB83E00623BC4 /* UIView+Extensions.swift in Sources */ = {isa = PBXBuildFile; fileRef = 02A944FF242CB83E00623BC4 /* UIView+Extensions.swift */; };
		02A94515242CB83E00623BC4 /* CGPoint+Extensions.swift in Sources */ = {isa = PBXBuildFile; fileRef = 02A94500242CB83E00623BC4 /* CGPoint+Extensions.swift */; };
		02A94516242CB83E00623BC4 /* Animator.swift in Sources */ = {isa = PBXBuildFile; fileRef = 02A94501242CB83E00623BC4 /* Animator.swift */; };
		02A94519242CBA2A00623BC4 /* PaperOnboarding in Frameworks */ = {isa = PBXBuildFile; productRef = 02A94518242CBA2A00623BC4 /* PaperOnboarding */; };
		02A9451F242CBA7D00623BC4 /* AppCoordinator.swift in Sources */ = {isa = PBXBuildFile; fileRef = 02A9451E242CBA7D00623BC4 /* AppCoordinator.swift */; };
		02A94522242CC3D000623BC4 /* MainViewController.swift in Sources */ = {isa = PBXBuildFile; fileRef = 02A94521242CC3D000623BC4 /* MainViewController.swift */; };
		02A94525242CC47D00623BC4 /* CovidSwipeCard.swift in Sources */ = {isa = PBXBuildFile; fileRef = 02A94524242CC47D00623BC4 /* CovidSwipeCard.swift */; };
		02A94527242CC48600623BC4 /* SwipeCardContentView.xib in Resources */ = {isa = PBXBuildFile; fileRef = 02A94526242CC48600623BC4 /* SwipeCardContentView.xib */; };
		02A94529242CC6B500623BC4 /* SwipeCardContentView.swift in Sources */ = {isa = PBXBuildFile; fileRef = 02A94528242CC6B500623BC4 /* SwipeCardContentView.swift */; };
		02A9452B242CC85300623BC4 /* SwipeCardOverlay.swift in Sources */ = {isa = PBXBuildFile; fileRef = 02A9452A242CC85300623BC4 /* SwipeCardOverlay.swift */; };
		02A9452E242CFF6C00623BC4 /* User.swift in Sources */ = {isa = PBXBuildFile; fileRef = 02A9452D242CFF6C00623BC4 /* User.swift */; };
		02A94530242CFF7600623BC4 /* Metric.swift in Sources */ = {isa = PBXBuildFile; fileRef = 02A9452F242CFF7600623BC4 /* Metric.swift */; };
		02A94532242D0EDE00623BC4 /* Localizable.strings in Resources */ = {isa = PBXBuildFile; fileRef = 02A94531242D0EDE00623BC4 /* Localizable.strings */; };
		02A94534242D10E500623BC4 /* UILabel+Ext.swift in Sources */ = {isa = PBXBuildFile; fileRef = 02A94533242D10E500623BC4 /* UILabel+Ext.swift */; };
		02A94536242D117E00623BC4 /* Configuration.swift in Sources */ = {isa = PBXBuildFile; fileRef = 02A94535242D117E00623BC4 /* Configuration.swift */; };
		02A94538242D126C00623BC4 /* UIFont+Extension.swift in Sources */ = {isa = PBXBuildFile; fileRef = 02A94537242D126C00623BC4 /* UIFont+Extension.swift */; };
		02A9453E242F5A8D00623BC4 /* FacebookCore in Frameworks */ = {isa = PBXBuildFile; productRef = 02A9453D242F5A8D00623BC4 /* FacebookCore */; };
		02A94540242F5A8D00623BC4 /* FacebookLogin in Frameworks */ = {isa = PBXBuildFile; productRef = 02A9453F242F5A8D00623BC4 /* FacebookLogin */; };
		02A94542242F5A8D00623BC4 /* FacebookShare in Frameworks */ = {isa = PBXBuildFile; productRef = 02A94541242F5A8D00623BC4 /* FacebookShare */; };
		02A94544242F602600623BC4 /* Onboarding.swift in Sources */ = {isa = PBXBuildFile; fileRef = 02A94543242F602600623BC4 /* Onboarding.swift */; };
		02A94547242F8D4D00623BC4 /* OnboardingViewController.swift in Sources */ = {isa = PBXBuildFile; fileRef = 02A94546242F8D4D00623BC4 /* OnboardingViewController.swift */; };
		02A94548242F95DF00623BC4 /* SceneDelegate.swift in Sources */ = {isa = PBXBuildFile; fileRef = 02A94478242BB8A300623BC4 /* SceneDelegate.swift */; };
		02A9454B242FA02200623BC4 /* UIButton+Ext.swift in Sources */ = {isa = PBXBuildFile; fileRef = 02A9454A242FA02200623BC4 /* UIButton+Ext.swift */; };
		02A9454E242FAA7600623BC4 /* SessionController.swift in Sources */ = {isa = PBXBuildFile; fileRef = 02A9454D242FAA7600623BC4 /* SessionController.swift */; };
		02A94551242FAB0F00623BC4 /* KeychainAccess in Frameworks */ = {isa = PBXBuildFile; productRef = 02A94550242FAB0F00623BC4 /* KeychainAccess */; };
		02A94555242FAD9200623BC4 /* LoginViewController.swift in Sources */ = {isa = PBXBuildFile; fileRef = 02A94554242FAD9200623BC4 /* LoginViewController.swift */; };
		02A94558242FB5D700623BC4 /* NotificationBannerSwift in Frameworks */ = {isa = PBXBuildFile; productRef = 02A94557242FB5D700623BC4 /* NotificationBannerSwift */; };
		02A9455A242FB5EA00623BC4 /* MessageManager.swift in Sources */ = {isa = PBXBuildFile; fileRef = 02A94559242FB5EA00623BC4 /* MessageManager.swift */; };
		02A9455C243098D600623BC4 /* ActionButton.swift in Sources */ = {isa = PBXBuildFile; fileRef = 02A9455B243098D500623BC4 /* ActionButton.swift */; };
		02A9455F2430AA9E00623BC4 /* ErrorTextField.swift in Sources */ = {isa = PBXBuildFile; fileRef = 02A9455E2430AA9E00623BC4 /* ErrorTextField.swift */; };
		02A945622430AE4A00623BC4 /* AskEmailViewController.swift in Sources */ = {isa = PBXBuildFile; fileRef = 02A945612430AE4A00623BC4 /* AskEmailViewController.swift */; };
		02A945642430AE5500623BC4 /* AskProfileViewController.swift in Sources */ = {isa = PBXBuildFile; fileRef = 02A945632430AE5500623BC4 /* AskProfileViewController.swift */; };
		02A945672430B3CC00623BC4 /* IQKeyboardManagerSwift in Frameworks */ = {isa = PBXBuildFile; productRef = 02A945662430B3CC00623BC4 /* IQKeyboardManagerSwift */; };
		02A945692430CFD900623BC4 /* Date+Ext.swift in Sources */ = {isa = PBXBuildFile; fileRef = 02A945682430CFD900623BC4 /* Date+Ext.swift */; };
		02A9456C2430DF1500623BC4 /* MetricStateView.swift in Sources */ = {isa = PBXBuildFile; fileRef = 02A9456B2430DF1500623BC4 /* MetricStateView.swift */; };
		02A9456E2430DF1900623BC4 /* MetricStateView.xib in Resources */ = {isa = PBXBuildFile; fileRef = 02A9456D2430DF1900623BC4 /* MetricStateView.xib */; };
/* End PBXBuildFile section */

/* Begin PBXFileReference section */
		023EFC0424323932000A46B7 /* CollectDataInitialCoordinator.swift */ = {isa = PBXFileReference; lastKnownFileType = sourcecode.swift; path = CollectDataInitialCoordinator.swift; sourceTree = "<group>"; };
		0285CDA02431EDF2004DF64A /* MetricStatesCell.swift */ = {isa = PBXFileReference; lastKnownFileType = sourcecode.swift; path = MetricStatesCell.swift; sourceTree = "<group>"; };
		0285CDA12431EDF2004DF64A /* MetricStatesCell.xib */ = {isa = PBXFileReference; lastKnownFileType = file.xib; path = MetricStatesCell.xib; sourceTree = "<group>"; };
		0285CDA42431EFDB004DF64A /* DynamicHeightCollectionView.swift */ = {isa = PBXFileReference; lastKnownFileType = sourcecode.swift; path = DynamicHeightCollectionView.swift; sourceTree = "<group>"; };
		0285CDA6243216BA004DF64A /* NoFriendsViewController.swift */ = {isa = PBXFileReference; lastKnownFileType = sourcecode.swift; path = NoFriendsViewController.swift; sourceTree = "<group>"; };
		0285CDA824321850004DF64A /* MainViewModel.swift */ = {isa = PBXFileReference; lastKnownFileType = sourcecode.swift; path = MainViewModel.swift; sourceTree = "<group>"; };
		0285CDAA24321D1E004DF64A /* CollectDataViewController.swift */ = {isa = PBXFileReference; lastKnownFileType = sourcecode.swift; path = CollectDataViewController.swift; sourceTree = "<group>"; };
		0285CDAC24322164004DF64A /* CollectInitialDataViewController.swift */ = {isa = PBXFileReference; lastKnownFileType = sourcecode.swift; path = CollectInitialDataViewController.swift; sourceTree = "<group>"; };
		02A9440A242B8CE100623BC4 /* CovidApp.app */ = {isa = PBXFileReference; explicitFileType = wrapper.application; includeInIndex = 0; path = CovidApp.app; sourceTree = BUILT_PRODUCTS_DIR; };
		02A9440D242B8CE100623BC4 /* AppDelegate.swift */ = {isa = PBXFileReference; lastKnownFileType = sourcecode.swift; path = AppDelegate.swift; sourceTree = "<group>"; };
		02A94414242B8CE100623BC4 /* Base */ = {isa = PBXFileReference; lastKnownFileType = file.storyboard; name = Base; path = Base.lproj/Main.storyboard; sourceTree = "<group>"; };
		02A94416242B8CE400623BC4 /* Assets.xcassets */ = {isa = PBXFileReference; lastKnownFileType = folder.assetcatalog; path = Assets.xcassets; sourceTree = "<group>"; };
		02A94419242B8CE400623BC4 /* Base */ = {isa = PBXFileReference; lastKnownFileType = file.storyboard; name = Base; path = Base.lproj/LaunchScreen.storyboard; sourceTree = "<group>"; };
		02A9441B242B8CE400623BC4 /* Info.plist */ = {isa = PBXFileReference; lastKnownFileType = text.plist.xml; path = Info.plist; sourceTree = "<group>"; };
		02A9443D242B99AA00623BC4 /* Palette.swift */ = {isa = PBXFileReference; fileEncoding = 4; lastKnownFileType = sourcecode.swift; path = Palette.swift; sourceTree = "<group>"; };
		02A9443F242B99AA00623BC4 /* UIView+Ext.swift */ = {isa = PBXFileReference; fileEncoding = 4; lastKnownFileType = sourcecode.swift; path = "UIView+Ext.swift"; sourceTree = "<group>"; };
		02A94440242B99AA00623BC4 /* StringExt.swift */ = {isa = PBXFileReference; fileEncoding = 4; lastKnownFileType = sourcecode.swift; path = StringExt.swift; sourceTree = "<group>"; };
		02A94441242B99AA00623BC4 /* UIViewControllerExt.swift */ = {isa = PBXFileReference; fileEncoding = 4; lastKnownFileType = sourcecode.swift; path = UIViewControllerExt.swift; sourceTree = "<group>"; };
		02A94442242B99AA00623BC4 /* CLLocation+Extensions.swift */ = {isa = PBXFileReference; fileEncoding = 4; lastKnownFileType = sourcecode.swift; path = "CLLocation+Extensions.swift"; sourceTree = "<group>"; };
		02A94443242B99AA00623BC4 /* Double+Extensions.swift */ = {isa = PBXFileReference; fileEncoding = 4; lastKnownFileType = sourcecode.swift; path = "Double+Extensions.swift"; sourceTree = "<group>"; };
		02A94444242B99AA00623BC4 /* UIImageExt.swift */ = {isa = PBXFileReference; fileEncoding = 4; lastKnownFileType = sourcecode.swift; path = UIImageExt.swift; sourceTree = "<group>"; };
		02A94445242B99AA00623BC4 /* UITableView+Extension.swift */ = {isa = PBXFileReference; fileEncoding = 4; lastKnownFileType = sourcecode.swift; path = "UITableView+Extension.swift"; sourceTree = "<group>"; };
		02A9444E242B99AA00623BC4 /* TableViewModelable.swift */ = {isa = PBXFileReference; fileEncoding = 4; lastKnownFileType = sourcecode.swift; path = TableViewModelable.swift; sourceTree = "<group>"; };
		02A9444F242B99AA00623BC4 /* Result.swift */ = {isa = PBXFileReference; fileEncoding = 4; lastKnownFileType = sourcecode.swift; path = Result.swift; sourceTree = "<group>"; };
		02A94460242B99F600623BC4 /* WindowRouter.swift */ = {isa = PBXFileReference; fileEncoding = 4; lastKnownFileType = sourcecode.swift; path = WindowRouter.swift; sourceTree = "<group>"; };
		02A94461242B99F600623BC4 /* Presentable.swift */ = {isa = PBXFileReference; fileEncoding = 4; lastKnownFileType = sourcecode.swift; path = Presentable.swift; sourceTree = "<group>"; };
		02A94462242B99F600623BC4 /* WindowCoordinator.swift */ = {isa = PBXFileReference; fileEncoding = 4; lastKnownFileType = sourcecode.swift; path = WindowCoordinator.swift; sourceTree = "<group>"; };
		02A94463242B99F600623BC4 /* Router.swift */ = {isa = PBXFileReference; fileEncoding = 4; lastKnownFileType = sourcecode.swift; path = Router.swift; sourceTree = "<group>"; };
		02A94464242B99F600623BC4 /* Coordinator.swift */ = {isa = PBXFileReference; fileEncoding = 4; lastKnownFileType = sourcecode.swift; path = Coordinator.swift; sourceTree = "<group>"; };
		02A94474242B9DA300623BC4 /* UIKit.framework */ = {isa = PBXFileReference; lastKnownFileType = wrapper.framework; name = UIKit.framework; path = System/Library/Frameworks/UIKit.framework; sourceTree = SDKROOT; };
		02A94476242B9E6600623BC4 /* CoreGraphics.framework */ = {isa = PBXFileReference; lastKnownFileType = wrapper.framework; name = CoreGraphics.framework; path = System/Library/Frameworks/CoreGraphics.framework; sourceTree = SDKROOT; };
		02A94478242BB8A300623BC4 /* SceneDelegate.swift */ = {isa = PBXFileReference; fileEncoding = 4; lastKnownFileType = sourcecode.swift; path = SceneDelegate.swift; sourceTree = "<group>"; };
		02A944E5242BC25200623BC4 /* API.swift */ = {isa = PBXFileReference; fileEncoding = 4; lastKnownFileType = sourcecode.swift; path = API.swift; sourceTree = "<group>"; };
		02A944E6242BC25200623BC4 /* RequestObject.swift */ = {isa = PBXFileReference; fileEncoding = 4; lastKnownFileType = sourcecode.swift; path = RequestObject.swift; sourceTree = "<group>"; };
		02A944EB242CB83E00623BC4 /* CardLayoutProvider.swift */ = {isa = PBXFileReference; fileEncoding = 4; lastKnownFileType = sourcecode.swift; path = CardLayoutProvider.swift; sourceTree = "<group>"; };
		02A944EC242CB83E00623BC4 /* CardAnimationOptions.swift */ = {isa = PBXFileReference; fileEncoding = 4; lastKnownFileType = sourcecode.swift; path = CardAnimationOptions.swift; sourceTree = "<group>"; };
		02A944ED242CB83E00623BC4 /* SwipeView.swift */ = {isa = PBXFileReference; fileEncoding = 4; lastKnownFileType = sourcecode.swift; path = SwipeView.swift; sourceTree = "<group>"; };
		02A944EE242CB83E00623BC4 /* CardTransformProvider.swift */ = {isa = PBXFileReference; fileEncoding = 4; lastKnownFileType = sourcecode.swift; path = CardTransformProvider.swift; sourceTree = "<group>"; };
		02A944EF242CB83E00623BC4 /* CardAnimator.swift */ = {isa = PBXFileReference; fileEncoding = 4; lastKnownFileType = sourcecode.swift; path = CardAnimator.swift; sourceTree = "<group>"; };
		02A944F0242CB83E00623BC4 /* SwipeCardDelegate.swift */ = {isa = PBXFileReference; fileEncoding = 4; lastKnownFileType = sourcecode.swift; path = SwipeCardDelegate.swift; sourceTree = "<group>"; };
		02A944F1242CB83E00623BC4 /* SwipeCard.swift */ = {isa = PBXFileReference; fileEncoding = 4; lastKnownFileType = sourcecode.swift; path = SwipeCard.swift; sourceTree = "<group>"; };
		02A944F3242CB83E00623BC4 /* SwipeCardStackDataSource.swift */ = {isa = PBXFileReference; fileEncoding = 4; lastKnownFileType = sourcecode.swift; path = SwipeCardStackDataSource.swift; sourceTree = "<group>"; };
		02A944F4242CB83E00623BC4 /* CardStackAnimationOptions.swift */ = {isa = PBXFileReference; fileEncoding = 4; lastKnownFileType = sourcecode.swift; path = CardStackAnimationOptions.swift; sourceTree = "<group>"; };
		02A944F5242CB83E00623BC4 /* CardStackAnimator.swift */ = {isa = PBXFileReference; fileEncoding = 4; lastKnownFileType = sourcecode.swift; path = CardStackAnimator.swift; sourceTree = "<group>"; };
		02A944F6242CB83E00623BC4 /* SwipeCardStack.swift */ = {isa = PBXFileReference; fileEncoding = 4; lastKnownFileType = sourcecode.swift; path = SwipeCardStack.swift; sourceTree = "<group>"; };
		02A944F7242CB83E00623BC4 /* CardStackTransformProvider.swift */ = {isa = PBXFileReference; fileEncoding = 4; lastKnownFileType = sourcecode.swift; path = CardStackTransformProvider.swift; sourceTree = "<group>"; };
		02A944F8242CB83E00623BC4 /* SwipeCardStackDelegate.swift */ = {isa = PBXFileReference; fileEncoding = 4; lastKnownFileType = sourcecode.swift; path = SwipeCardStackDelegate.swift; sourceTree = "<group>"; };
		02A944F9242CB83E00623BC4 /* CardStackLayoutProvider.swift */ = {isa = PBXFileReference; fileEncoding = 4; lastKnownFileType = sourcecode.swift; path = CardStackLayoutProvider.swift; sourceTree = "<group>"; };
		02A944FA242CB83E00623BC4 /* CardStackStateManager.swift */ = {isa = PBXFileReference; fileEncoding = 4; lastKnownFileType = sourcecode.swift; path = CardStackStateManager.swift; sourceTree = "<group>"; };
		02A944FB242CB83E00623BC4 /* SwipeDirection.swift */ = {isa = PBXFileReference; fileEncoding = 4; lastKnownFileType = sourcecode.swift; path = SwipeDirection.swift; sourceTree = "<group>"; };
		02A944FD242CB83E00623BC4 /* Array+Extensions.swift */ = {isa = PBXFileReference; fileEncoding = 4; lastKnownFileType = sourcecode.swift; path = "Array+Extensions.swift"; sourceTree = "<group>"; };
		02A944FE242CB83E00623BC4 /* CGVector+Extensions.swift */ = {isa = PBXFileReference; fileEncoding = 4; lastKnownFileType = sourcecode.swift; path = "CGVector+Extensions.swift"; sourceTree = "<group>"; };
		02A944FF242CB83E00623BC4 /* UIView+Extensions.swift */ = {isa = PBXFileReference; fileEncoding = 4; lastKnownFileType = sourcecode.swift; path = "UIView+Extensions.swift"; sourceTree = "<group>"; };
		02A94500242CB83E00623BC4 /* CGPoint+Extensions.swift */ = {isa = PBXFileReference; fileEncoding = 4; lastKnownFileType = sourcecode.swift; path = "CGPoint+Extensions.swift"; sourceTree = "<group>"; };
		02A94501242CB83E00623BC4 /* Animator.swift */ = {isa = PBXFileReference; fileEncoding = 4; lastKnownFileType = sourcecode.swift; path = Animator.swift; sourceTree = "<group>"; };
		02A9451E242CBA7D00623BC4 /* AppCoordinator.swift */ = {isa = PBXFileReference; lastKnownFileType = sourcecode.swift; path = AppCoordinator.swift; sourceTree = "<group>"; };
		02A94521242CC3D000623BC4 /* MainViewController.swift */ = {isa = PBXFileReference; lastKnownFileType = sourcecode.swift; path = MainViewController.swift; sourceTree = "<group>"; };
		02A94524242CC47D00623BC4 /* CovidSwipeCard.swift */ = {isa = PBXFileReference; lastKnownFileType = sourcecode.swift; path = CovidSwipeCard.swift; sourceTree = "<group>"; };
		02A94526242CC48600623BC4 /* SwipeCardContentView.xib */ = {isa = PBXFileReference; lastKnownFileType = file.xib; path = SwipeCardContentView.xib; sourceTree = "<group>"; };
		02A94528242CC6B500623BC4 /* SwipeCardContentView.swift */ = {isa = PBXFileReference; lastKnownFileType = sourcecode.swift; path = SwipeCardContentView.swift; sourceTree = "<group>"; };
		02A9452A242CC85300623BC4 /* SwipeCardOverlay.swift */ = {isa = PBXFileReference; fileEncoding = 4; lastKnownFileType = sourcecode.swift; path = SwipeCardOverlay.swift; sourceTree = "<group>"; };
		02A9452D242CFF6C00623BC4 /* User.swift */ = {isa = PBXFileReference; lastKnownFileType = sourcecode.swift; path = User.swift; sourceTree = "<group>"; };
		02A9452F242CFF7600623BC4 /* Metric.swift */ = {isa = PBXFileReference; lastKnownFileType = sourcecode.swift; path = Metric.swift; sourceTree = "<group>"; };
		02A94531242D0EDE00623BC4 /* Localizable.strings */ = {isa = PBXFileReference; lastKnownFileType = text.plist.strings; path = Localizable.strings; sourceTree = "<group>"; };
		02A94533242D10E500623BC4 /* UILabel+Ext.swift */ = {isa = PBXFileReference; lastKnownFileType = sourcecode.swift; path = "UILabel+Ext.swift"; sourceTree = "<group>"; };
		02A94535242D117E00623BC4 /* Configuration.swift */ = {isa = PBXFileReference; lastKnownFileType = sourcecode.swift; path = Configuration.swift; sourceTree = "<group>"; };
		02A94537242D126C00623BC4 /* UIFont+Extension.swift */ = {isa = PBXFileReference; fileEncoding = 4; lastKnownFileType = sourcecode.swift; path = "UIFont+Extension.swift"; sourceTree = "<group>"; };
		02A94543242F602600623BC4 /* Onboarding.swift */ = {isa = PBXFileReference; lastKnownFileType = sourcecode.swift; path = Onboarding.swift; sourceTree = "<group>"; };
		02A94546242F8D4D00623BC4 /* OnboardingViewController.swift */ = {isa = PBXFileReference; lastKnownFileType = sourcecode.swift; path = OnboardingViewController.swift; sourceTree = "<group>"; };
		02A9454A242FA02200623BC4 /* UIButton+Ext.swift */ = {isa = PBXFileReference; lastKnownFileType = sourcecode.swift; path = "UIButton+Ext.swift"; sourceTree = "<group>"; };
		02A9454D242FAA7600623BC4 /* SessionController.swift */ = {isa = PBXFileReference; lastKnownFileType = sourcecode.swift; path = SessionController.swift; sourceTree = "<group>"; };
		02A94554242FAD9200623BC4 /* LoginViewController.swift */ = {isa = PBXFileReference; lastKnownFileType = sourcecode.swift; path = LoginViewController.swift; sourceTree = "<group>"; };
		02A94559242FB5EA00623BC4 /* MessageManager.swift */ = {isa = PBXFileReference; fileEncoding = 4; lastKnownFileType = sourcecode.swift; path = MessageManager.swift; sourceTree = "<group>"; };
		02A9455B243098D500623BC4 /* ActionButton.swift */ = {isa = PBXFileReference; fileEncoding = 4; lastKnownFileType = sourcecode.swift; path = ActionButton.swift; sourceTree = "<group>"; };
		02A9455D2430A6B600623BC4 /* CovidApp.entitlements */ = {isa = PBXFileReference; lastKnownFileType = text.plist.entitlements; path = CovidApp.entitlements; sourceTree = "<group>"; };
		02A9455E2430AA9E00623BC4 /* ErrorTextField.swift */ = {isa = PBXFileReference; fileEncoding = 4; lastKnownFileType = sourcecode.swift; path = ErrorTextField.swift; sourceTree = "<group>"; };
		02A945612430AE4A00623BC4 /* AskEmailViewController.swift */ = {isa = PBXFileReference; lastKnownFileType = sourcecode.swift; path = AskEmailViewController.swift; sourceTree = "<group>"; };
		02A945632430AE5500623BC4 /* AskProfileViewController.swift */ = {isa = PBXFileReference; lastKnownFileType = sourcecode.swift; path = AskProfileViewController.swift; sourceTree = "<group>"; };
		02A945682430CFD900623BC4 /* Date+Ext.swift */ = {isa = PBXFileReference; lastKnownFileType = sourcecode.swift; path = "Date+Ext.swift"; sourceTree = "<group>"; };
		02A9456B2430DF1500623BC4 /* MetricStateView.swift */ = {isa = PBXFileReference; lastKnownFileType = sourcecode.swift; path = MetricStateView.swift; sourceTree = "<group>"; };
		02A9456D2430DF1900623BC4 /* MetricStateView.xib */ = {isa = PBXFileReference; lastKnownFileType = file.xib; path = MetricStateView.xib; sourceTree = "<group>"; };
/* End PBXFileReference section */

/* Begin PBXFrameworksBuildPhase section */
		02A94407242B8CE100623BC4 /* Frameworks */ = {
			isa = PBXFrameworksBuildPhase;
			buildActionMask = 2147483647;
			files = (
				02A94540242F5A8D00623BC4 /* FacebookLogin in Frameworks */,
				02A94519242CBA2A00623BC4 /* PaperOnboarding in Frameworks */,
				02A94551242FAB0F00623BC4 /* KeychainAccess in Frameworks */,
				02A9453E242F5A8D00623BC4 /* FacebookCore in Frameworks */,
				02A9446C242B9A8300623BC4 /* NSAttributedStringBuilder in Frameworks */,
				02A945672430B3CC00623BC4 /* IQKeyboardManagerSwift in Frameworks */,
				02A94472242B9C2300623BC4 /* PMKCoreLocation in Frameworks */,
				02A94429242B93B100623BC4 /* SnapKit in Frameworks */,
				02A9443B242B98EB00623BC4 /* MSBBarChart in Frameworks */,
				02A9446F242B9BA300623BC4 /* PromiseKit in Frameworks */,
				02A94558242FB5D700623BC4 /* NotificationBannerSwift in Frameworks */,
				02A94438242B979E00623BC4 /* Haptica in Frameworks */,
				02A9442C242B93FB00623BC4 /* Hero in Frameworks */,
				02A94475242B9DA300623BC4 /* UIKit.framework in Frameworks */,
				02A94542242F5A8D00623BC4 /* FacebookShare in Frameworks */,
				02A9442F242B954900623BC4 /* SwiftyUserDefaults in Frameworks */,
				02A94477242B9E6600623BC4 /* CoreGraphics.framework in Frameworks */,
				02A94435242B977300623BC4 /* SwiftDate in Frameworks */,
				02A94423242B923C00623BC4 /* Alamofire in Frameworks */,
				02A94432242B961F00623BC4 /* AlamofireImage in Frameworks */,
			);
			runOnlyForDeploymentPostprocessing = 0;
		};
/* End PBXFrameworksBuildPhase section */

/* Begin PBXGroup section */
		02A94401242B8CE100623BC4 = {
			isa = PBXGroup;
			children = (
				02A9440C242B8CE100623BC4 /* CovidApp */,
				02A9440B242B8CE100623BC4 /* Products */,
				02A94473242B9DA300623BC4 /* Frameworks */,
			);
			sourceTree = "<group>";
		};
		02A9440B242B8CE100623BC4 /* Products */ = {
			isa = PBXGroup;
			children = (
				02A9440A242B8CE100623BC4 /* CovidApp.app */,
			);
			name = Products;
			sourceTree = "<group>";
		};
		02A9440C242B8CE100623BC4 /* CovidApp */ = {
			isa = PBXGroup;
			children = (
				02A9455D2430A6B600623BC4 /* CovidApp.entitlements */,
				02A9452C242CFF5A00623BC4 /* Models */,
				02A94520242CBBF000623BC4 /* Configuration */,
				02A9451A242CBA4500623BC4 /* Modules */,
				02A9445F242B99F600623BC4 /* CoordinatorKit */,
				02A9443C242B99AA00623BC4 /* Utils */,
				02A9440D242B8CE100623BC4 /* AppDelegate.swift */,
				02A94478242BB8A300623BC4 /* SceneDelegate.swift */,
				02A94418242B8CE400623BC4 /* LaunchScreen.storyboard */,
				02A9441B242B8CE400623BC4 /* Info.plist */,
			);
			path = CovidApp;
			sourceTree = "<group>";
		};
		02A9443C242B99AA00623BC4 /* Utils */ = {
			isa = PBXGroup;
			children = (
				02A9454C242FAA6C00623BC4 /* Manager */,
				02A94549242FA00F00623BC4 /* Views */,
				02A944E9242CB83E00623BC4 /* Shuffle */,
				02A944E4242BC24900623BC4 /* Network */,
				02A9443E242B99AA00623BC4 /* Ext */,
				02A9444D242B99AA00623BC4 /* Protocols */,
			);
			path = Utils;
			sourceTree = "<group>";
		};
		02A9443E242B99AA00623BC4 /* Ext */ = {
			isa = PBXGroup;
			children = (
				02A94442242B99AA00623BC4 /* CLLocation+Extensions.swift */,
				02A94443242B99AA00623BC4 /* Double+Extensions.swift */,
				02A94440242B99AA00623BC4 /* StringExt.swift */,
				02A9454A242FA02200623BC4 /* UIButton+Ext.swift */,
				02A94537242D126C00623BC4 /* UIFont+Extension.swift */,
				02A94444242B99AA00623BC4 /* UIImageExt.swift */,
				02A94533242D10E500623BC4 /* UILabel+Ext.swift */,
				02A94445242B99AA00623BC4 /* UITableView+Extension.swift */,
				02A9443F242B99AA00623BC4 /* UIView+Ext.swift */,
				02A94441242B99AA00623BC4 /* UIViewControllerExt.swift */,
				02A945682430CFD900623BC4 /* Date+Ext.swift */,
			);
			path = Ext;
			sourceTree = "<group>";
		};
		02A9444D242B99AA00623BC4 /* Protocols */ = {
			isa = PBXGroup;
			children = (
				02A9444E242B99AA00623BC4 /* TableViewModelable.swift */,
				02A9444F242B99AA00623BC4 /* Result.swift */,
			);
			path = Protocols;
			sourceTree = "<group>";
		};
		02A9445F242B99F600623BC4 /* CoordinatorKit */ = {
			isa = PBXGroup;
			children = (
				02A94460242B99F600623BC4 /* WindowRouter.swift */,
				02A94461242B99F600623BC4 /* Presentable.swift */,
				02A94462242B99F600623BC4 /* WindowCoordinator.swift */,
				02A94463242B99F600623BC4 /* Router.swift */,
				02A94464242B99F600623BC4 /* Coordinator.swift */,
			);
			path = CoordinatorKit;
			sourceTree = "<group>";
		};
		02A94473242B9DA300623BC4 /* Frameworks */ = {
			isa = PBXGroup;
			children = (
				02A94476242B9E6600623BC4 /* CoreGraphics.framework */,
				02A94474242B9DA300623BC4 /* UIKit.framework */,
			);
			name = Frameworks;
			sourceTree = "<group>";
		};
		02A944E4242BC24900623BC4 /* Network */ = {
			isa = PBXGroup;
			children = (
				02A944E5242BC25200623BC4 /* API.swift */,
				02A944E6242BC25200623BC4 /* RequestObject.swift */,
			);
			path = Network;
			sourceTree = "<group>";
		};
		02A944E9242CB83E00623BC4 /* Shuffle */ = {
			isa = PBXGroup;
			children = (
				02A944EA242CB83E00623BC4 /* SwipeCard */,
				02A944F2242CB83E00623BC4 /* SwipeCardStack */,
				02A944FB242CB83E00623BC4 /* SwipeDirection.swift */,
				02A944FC242CB83E00623BC4 /* Internal */,
				02A94501242CB83E00623BC4 /* Animator.swift */,
			);
			path = Shuffle;
			sourceTree = "<group>";
		};
		02A944EA242CB83E00623BC4 /* SwipeCard */ = {
			isa = PBXGroup;
			children = (
				02A944EB242CB83E00623BC4 /* CardLayoutProvider.swift */,
				02A944EC242CB83E00623BC4 /* CardAnimationOptions.swift */,
				02A944ED242CB83E00623BC4 /* SwipeView.swift */,
				02A944EE242CB83E00623BC4 /* CardTransformProvider.swift */,
				02A944EF242CB83E00623BC4 /* CardAnimator.swift */,
				02A944F0242CB83E00623BC4 /* SwipeCardDelegate.swift */,
				02A944F1242CB83E00623BC4 /* SwipeCard.swift */,
			);
			path = SwipeCard;
			sourceTree = "<group>";
		};
		02A944F2242CB83E00623BC4 /* SwipeCardStack */ = {
			isa = PBXGroup;
			children = (
				02A944F3242CB83E00623BC4 /* SwipeCardStackDataSource.swift */,
				02A944F4242CB83E00623BC4 /* CardStackAnimationOptions.swift */,
				02A944F5242CB83E00623BC4 /* CardStackAnimator.swift */,
				02A944F6242CB83E00623BC4 /* SwipeCardStack.swift */,
				02A944F7242CB83E00623BC4 /* CardStackTransformProvider.swift */,
				02A944F8242CB83E00623BC4 /* SwipeCardStackDelegate.swift */,
				02A944F9242CB83E00623BC4 /* CardStackLayoutProvider.swift */,
				02A944FA242CB83E00623BC4 /* CardStackStateManager.swift */,
			);
			path = SwipeCardStack;
			sourceTree = "<group>";
		};
		02A944FC242CB83E00623BC4 /* Internal */ = {
			isa = PBXGroup;
			children = (
				02A944FD242CB83E00623BC4 /* Array+Extensions.swift */,
				02A944FE242CB83E00623BC4 /* CGVector+Extensions.swift */,
				02A944FF242CB83E00623BC4 /* UIView+Extensions.swift */,
				02A94500242CB83E00623BC4 /* CGPoint+Extensions.swift */,
			);
			path = Internal;
			sourceTree = "<group>";
		};
		02A9451A242CBA4500623BC4 /* Modules */ = {
			isa = PBXGroup;
			children = (
				02A945602430ADFA00623BC4 /* UserProfile */,
				02A94553242FAD3A00623BC4 /* Login */,
				02A9451D242CBA5000623BC4 /* CollectData */,
				02A9451C242CBA4C00623BC4 /* Onboarding */,
				02A9451B242CBA4800623BC4 /* Main */,
			);
			path = Modules;
			sourceTree = "<group>";
		};
		02A9451B242CBA4800623BC4 /* Main */ = {
			isa = PBXGroup;
			children = (
				02A9456A2430DEF800623BC4 /* Views */,
				02A94413242B8CE100623BC4 /* Main.storyboard */,
				02A9451E242CBA7D00623BC4 /* AppCoordinator.swift */,
				02A94521242CC3D000623BC4 /* MainViewController.swift */,
				0285CDA824321850004DF64A /* MainViewModel.swift */,
			);
			path = Main;
			sourceTree = "<group>";
		};
		02A9451C242CBA4C00623BC4 /* Onboarding */ = {
			isa = PBXGroup;
			children = (
				02A94546242F8D4D00623BC4 /* OnboardingViewController.swift */,
			);
			path = Onboarding;
			sourceTree = "<group>";
		};
		02A9451D242CBA5000623BC4 /* CollectData */ = {
			isa = PBXGroup;
			children = (
				02A94523242CC44100623BC4 /* Cards */,
				0285CDAA24321D1E004DF64A /* CollectDataViewController.swift */,
				0285CDAC24322164004DF64A /* CollectInitialDataViewController.swift */,
				023EFC0424323932000A46B7 /* CollectDataInitialCoordinator.swift */,
			);
			path = CollectData;
			sourceTree = "<group>";
		};
		02A94520242CBBF000623BC4 /* Configuration */ = {
			isa = PBXGroup;
			children = (
				02A9443D242B99AA00623BC4 /* Palette.swift */,
				02A94416242B8CE400623BC4 /* Assets.xcassets */,
				02A94531242D0EDE00623BC4 /* Localizable.strings */,
				02A94535242D117E00623BC4 /* Configuration.swift */,
			);
			path = Configuration;
			sourceTree = "<group>";
		};
		02A94523242CC44100623BC4 /* Cards */ = {
			isa = PBXGroup;
			children = (
				02A9452A242CC85300623BC4 /* SwipeCardOverlay.swift */,
				02A94524242CC47D00623BC4 /* CovidSwipeCard.swift */,
				02A94528242CC6B500623BC4 /* SwipeCardContentView.swift */,
				02A94526242CC48600623BC4 /* SwipeCardContentView.xib */,
			);
			path = Cards;
			sourceTree = "<group>";
		};
		02A9452C242CFF5A00623BC4 /* Models */ = {
			isa = PBXGroup;
			children = (
				02A9452D242CFF6C00623BC4 /* User.swift */,
				02A9452F242CFF7600623BC4 /* Metric.swift */,
				02A94543242F602600623BC4 /* Onboarding.swift */,
			);
			path = Models;
			sourceTree = "<group>";
		};
		02A94549242FA00F00623BC4 /* Views */ = {
			isa = PBXGroup;
			children = (
				02A9455E2430AA9E00623BC4 /* ErrorTextField.swift */,
				02A9455B243098D500623BC4 /* ActionButton.swift */,
				0285CDA42431EFDB004DF64A /* DynamicHeightCollectionView.swift */,
			);
			path = Views;
			sourceTree = "<group>";
		};
		02A9454C242FAA6C00623BC4 /* Manager */ = {
			isa = PBXGroup;
			children = (
				02A94559242FB5EA00623BC4 /* MessageManager.swift */,
				02A9454D242FAA7600623BC4 /* SessionController.swift */,
			);
			path = Manager;
			sourceTree = "<group>";
		};
		02A94553242FAD3A00623BC4 /* Login */ = {
			isa = PBXGroup;
			children = (
				02A94554242FAD9200623BC4 /* LoginViewController.swift */,
			);
			path = Login;
			sourceTree = "<group>";
		};
		02A945602430ADFA00623BC4 /* UserProfile */ = {
			isa = PBXGroup;
			children = (
				02A945612430AE4A00623BC4 /* AskEmailViewController.swift */,
				02A945632430AE5500623BC4 /* AskProfileViewController.swift */,
			);
			path = UserProfile;
			sourceTree = "<group>";
		};
		02A9456A2430DEF800623BC4 /* Views */ = {
			isa = PBXGroup;
			children = (
				02A9456B2430DF1500623BC4 /* MetricStateView.swift */,
				02A9456D2430DF1900623BC4 /* MetricStateView.xib */,
				0285CDA02431EDF2004DF64A /* MetricStatesCell.swift */,
				0285CDA12431EDF2004DF64A /* MetricStatesCell.xib */,
				0285CDA6243216BA004DF64A /* NoFriendsViewController.swift */,
			);
			path = Views;
			sourceTree = "<group>";
		};
/* End PBXGroup section */

/* Begin PBXNativeTarget section */
		02A94409242B8CE100623BC4 /* CovidApp */ = {
			isa = PBXNativeTarget;
			buildConfigurationList = 02A9441E242B8CE400623BC4 /* Build configuration list for PBXNativeTarget "CovidApp" */;
			buildPhases = (
				02A94406242B8CE100623BC4 /* Sources */,
				02A94407242B8CE100623BC4 /* Frameworks */,
				02A94408242B8CE100623BC4 /* Resources */,
			);
			buildRules = (
			);
			dependencies = (
			);
			name = CovidApp;
			packageProductDependencies = (
				02A94422242B923C00623BC4 /* Alamofire */,
				02A94428242B93B100623BC4 /* SnapKit */,
				02A9442B242B93FB00623BC4 /* Hero */,
				02A9442E242B954900623BC4 /* SwiftyUserDefaults */,
				02A94431242B961F00623BC4 /* AlamofireImage */,
				02A94434242B977300623BC4 /* SwiftDate */,
				02A94437242B979E00623BC4 /* Haptica */,
				02A9443A242B98EB00623BC4 /* MSBBarChart */,
				02A9446B242B9A8300623BC4 /* NSAttributedStringBuilder */,
				02A9446E242B9BA300623BC4 /* PromiseKit */,
				02A94471242B9C2300623BC4 /* PMKCoreLocation */,
				02A94518242CBA2A00623BC4 /* PaperOnboarding */,
				02A9453D242F5A8D00623BC4 /* FacebookCore */,
				02A9453F242F5A8D00623BC4 /* FacebookLogin */,
				02A94541242F5A8D00623BC4 /* FacebookShare */,
				02A94550242FAB0F00623BC4 /* KeychainAccess */,
				02A94557242FB5D700623BC4 /* NotificationBannerSwift */,
				02A945662430B3CC00623BC4 /* IQKeyboardManagerSwift */,
			);
			productName = CovidApp;
			productReference = 02A9440A242B8CE100623BC4 /* CovidApp.app */;
			productType = "com.apple.product-type.application";
		};
/* End PBXNativeTarget section */

/* Begin PBXProject section */
		02A94402242B8CE100623BC4 /* Project object */ = {
			isa = PBXProject;
			attributes = {
				LastSwiftUpdateCheck = 1130;
				LastUpgradeCheck = 1130;
				ORGANIZATIONNAME = "Jerome TONNELIER";
				TargetAttributes = {
					02A94409242B8CE100623BC4 = {
						CreatedOnToolsVersion = 11.3.1;
					};
				};
			};
			buildConfigurationList = 02A94405242B8CE100623BC4 /* Build configuration list for PBXProject "CovidApp" */;
			compatibilityVersion = "Xcode 9.3";
			developmentRegion = en;
			hasScannedForEncodings = 0;
			knownRegions = (
				en,
				Base,
			);
			mainGroup = 02A94401242B8CE100623BC4;
			packageReferences = (
				02A94421242B923C00623BC4 /* XCRemoteSwiftPackageReference "Alamofire" */,
				02A94427242B93B100623BC4 /* XCRemoteSwiftPackageReference "SnapKit" */,
				02A9442A242B93FB00623BC4 /* XCRemoteSwiftPackageReference "Hero" */,
				02A9442D242B954900623BC4 /* XCRemoteSwiftPackageReference "SwiftyUserDefaults" */,
				02A94430242B961F00623BC4 /* XCRemoteSwiftPackageReference "AlamofireImage" */,
				02A94433242B977300623BC4 /* XCRemoteSwiftPackageReference "SwiftDate" */,
				02A94436242B979E00623BC4 /* XCRemoteSwiftPackageReference "Haptica" */,
				02A94439242B98EB00623BC4 /* XCRemoteSwiftPackageReference "MSBBarChart" */,
				02A9446A242B9A8300623BC4 /* XCRemoteSwiftPackageReference "NSAttributedStringBuilder" */,
				02A9446D242B9BA300623BC4 /* XCRemoteSwiftPackageReference "PromiseKit" */,
				02A94470242B9C2300623BC4 /* XCRemoteSwiftPackageReference "CoreLocation" */,
				02A94517242CBA2A00623BC4 /* XCRemoteSwiftPackageReference "paper-onboarding" */,
				02A9453C242F5A8D00623BC4 /* XCRemoteSwiftPackageReference "facebook-ios-sdk" */,
				02A9454F242FAB0F00623BC4 /* XCRemoteSwiftPackageReference "KeychainAccess" */,
				02A94556242FB5D700623BC4 /* XCRemoteSwiftPackageReference "NotificationBanner" */,
				02A945652430B3CC00623BC4 /* XCRemoteSwiftPackageReference "IQKeyboardManager" */,
			);
			productRefGroup = 02A9440B242B8CE100623BC4 /* Products */;
			projectDirPath = "";
			projectRoot = "";
			targets = (
				02A94409242B8CE100623BC4 /* CovidApp */,
			);
		};
/* End PBXProject section */

/* Begin PBXResourcesBuildPhase section */
		02A94408242B8CE100623BC4 /* Resources */ = {
			isa = PBXResourcesBuildPhase;
			buildActionMask = 2147483647;
			files = (
				02A9456E2430DF1900623BC4 /* MetricStateView.xib in Resources */,
				02A94532242D0EDE00623BC4 /* Localizable.strings in Resources */,
				0285CDA32431EDF2004DF64A /* MetricStatesCell.xib in Resources */,
				02A9441A242B8CE400623BC4 /* LaunchScreen.storyboard in Resources */,
				02A94417242B8CE400623BC4 /* Assets.xcassets in Resources */,
				02A94527242CC48600623BC4 /* SwipeCardContentView.xib in Resources */,
				02A94415242B8CE100623BC4 /* Main.storyboard in Resources */,
			);
			runOnlyForDeploymentPostprocessing = 0;
		};
/* End PBXResourcesBuildPhase section */

/* Begin PBXSourcesBuildPhase section */
		02A94406242B8CE100623BC4 /* Sources */ = {
			isa = PBXSourcesBuildPhase;
			buildActionMask = 2147483647;
			files = (
				02A94457242B99AA00623BC4 /* UITableView+Extension.swift in Sources */,
				02A9450B242CB83E00623BC4 /* CardStackAnimator.swift in Sources */,
				02A94503242CB83E00623BC4 /* CardAnimationOptions.swift in Sources */,
				0285CDA52431EFDB004DF64A /* DynamicHeightCollectionView.swift in Sources */,
				02A9450F242CB83E00623BC4 /* CardStackLayoutProvider.swift in Sources */,
				02A944E7242BC25200623BC4 /* API.swift in Sources */,
				02A94512242CB83E00623BC4 /* Array+Extensions.swift in Sources */,
				02A9451F242CBA7D00623BC4 /* AppCoordinator.swift in Sources */,
				02A9450D242CB83E00623BC4 /* CardStackTransformProvider.swift in Sources */,
				02A94502242CB83E00623BC4 /* CardLayoutProvider.swift in Sources */,
				02A94536242D117E00623BC4 /* Configuration.swift in Sources */,
				02A94509242CB83E00623BC4 /* SwipeCardStackDataSource.swift in Sources */,
				02A94467242B99F600623BC4 /* WindowCoordinator.swift in Sources */,
				02A9456C2430DF1500623BC4 /* MetricStateView.swift in Sources */,
				02A9455F2430AA9E00623BC4 /* ErrorTextField.swift in Sources */,
				02A94454242B99AA00623BC4 /* CLLocation+Extensions.swift in Sources */,
				02A94469242B99F600623BC4 /* Coordinator.swift in Sources */,
				02A94529242CC6B500623BC4 /* SwipeCardContentView.swift in Sources */,
				02A9440E242B8CE100623BC4 /* AppDelegate.swift in Sources */,
				02A94455242B99AA00623BC4 /* Double+Extensions.swift in Sources */,
				02A94538242D126C00623BC4 /* UIFont+Extension.swift in Sources */,
				02A94451242B99AA00623BC4 /* UIView+Ext.swift in Sources */,
				023EFC0524323932000A46B7 /* CollectDataInitialCoordinator.swift in Sources */,
				02A94525242CC47D00623BC4 /* CovidSwipeCard.swift in Sources */,
				02A945622430AE4A00623BC4 /* AskEmailViewController.swift in Sources */,
				02A9452B242CC85300623BC4 /* SwipeCardOverlay.swift in Sources */,
				02A9450A242CB83E00623BC4 /* CardStackAnimationOptions.swift in Sources */,
				02A945642430AE5500623BC4 /* AskProfileViewController.swift in Sources */,
				02A94514242CB83E00623BC4 /* UIView+Extensions.swift in Sources */,
				02A94534242D10E500623BC4 /* UILabel+Ext.swift in Sources */,
				02A9452E242CFF6C00623BC4 /* User.swift in Sources */,
				02A94456242B99AA00623BC4 /* UIImageExt.swift in Sources */,
				02A94468242B99F600623BC4 /* Router.swift in Sources */,
				02A94522242CC3D000623BC4 /* MainViewController.swift in Sources */,
				02A94530242CFF7600623BC4 /* Metric.swift in Sources */,
				02A9455C243098D600623BC4 /* ActionButton.swift in Sources */,
				02A94465242B99F600623BC4 /* WindowRouter.swift in Sources */,
				02A9445D242B99AA00623BC4 /* TableViewModelable.swift in Sources */,
				02A94452242B99AA00623BC4 /* StringExt.swift in Sources */,
				02A94506242CB83E00623BC4 /* CardAnimator.swift in Sources */,
				02A94466242B99F600623BC4 /* Presentable.swift in Sources */,
				02A94515242CB83E00623BC4 /* CGPoint+Extensions.swift in Sources */,
				02A94511242CB83E00623BC4 /* SwipeDirection.swift in Sources */,
				02A94508242CB83E00623BC4 /* SwipeCard.swift in Sources */,
				02A9445E242B99AA00623BC4 /* Result.swift in Sources */,
				02A945692430CFD900623BC4 /* Date+Ext.swift in Sources */,
				0285CDAB24321D1E004DF64A /* CollectDataViewController.swift in Sources */,
				02A9454B242FA02200623BC4 /* UIButton+Ext.swift in Sources */,
				02A9455A242FB5EA00623BC4 /* MessageManager.swift in Sources */,
				02A94547242F8D4D00623BC4 /* OnboardingViewController.swift in Sources */,
				02A94544242F602600623BC4 /* Onboarding.swift in Sources */,
				02A94453242B99AA00623BC4 /* UIViewControllerExt.swift in Sources */,
				02A94516242CB83E00623BC4 /* Animator.swift in Sources */,
				02A94555242FAD9200623BC4 /* LoginViewController.swift in Sources */,
				02A94507242CB83E00623BC4 /* SwipeCardDelegate.swift in Sources */,
				02A94504242CB83E00623BC4 /* SwipeView.swift in Sources */,
				02A9450E242CB83E00623BC4 /* SwipeCardStackDelegate.swift in Sources */,
				02A9454E242FAA7600623BC4 /* SessionController.swift in Sources */,
				02A94513242CB83E00623BC4 /* CGVector+Extensions.swift in Sources */,
				0285CDAD24322164004DF64A /* CollectInitialDataViewController.swift in Sources */,
				02A944E8242BC25200623BC4 /* RequestObject.swift in Sources */,
				02A94548242F95DF00623BC4 /* SceneDelegate.swift in Sources */,
				02A94510242CB83E00623BC4 /* CardStackStateManager.swift in Sources */,
				02A9450C242CB83E00623BC4 /* SwipeCardStack.swift in Sources */,
				0285CDA7243216BA004DF64A /* NoFriendsViewController.swift in Sources */,
				0285CDA22431EDF2004DF64A /* MetricStatesCell.swift in Sources */,
				02A94450242B99AA00623BC4 /* Palette.swift in Sources */,
				02A94505242CB83E00623BC4 /* CardTransformProvider.swift in Sources */,
				0285CDA924321850004DF64A /* MainViewModel.swift in Sources */,
			);
			runOnlyForDeploymentPostprocessing = 0;
		};
/* End PBXSourcesBuildPhase section */

/* Begin PBXVariantGroup section */
		02A94413242B8CE100623BC4 /* Main.storyboard */ = {
			isa = PBXVariantGroup;
			children = (
				02A94414242B8CE100623BC4 /* Base */,
			);
			name = Main.storyboard;
			sourceTree = "<group>";
		};
		02A94418242B8CE400623BC4 /* LaunchScreen.storyboard */ = {
			isa = PBXVariantGroup;
			children = (
				02A94419242B8CE400623BC4 /* Base */,
			);
			name = LaunchScreen.storyboard;
			sourceTree = "<group>";
		};
/* End PBXVariantGroup section */

/* Begin XCBuildConfiguration section */
		02A9441C242B8CE400623BC4 /* Debug */ = {
			isa = XCBuildConfiguration;
			buildSettings = {
				ALWAYS_SEARCH_USER_PATHS = NO;
				CLANG_ANALYZER_NONNULL = YES;
				CLANG_ANALYZER_NUMBER_OBJECT_CONVERSION = YES_AGGRESSIVE;
				CLANG_CXX_LANGUAGE_STANDARD = "gnu++14";
				CLANG_CXX_LIBRARY = "libc++";
				CLANG_ENABLE_MODULES = YES;
				CLANG_ENABLE_OBJC_ARC = YES;
				CLANG_ENABLE_OBJC_WEAK = YES;
				CLANG_WARN_BLOCK_CAPTURE_AUTORELEASING = YES;
				CLANG_WARN_BOOL_CONVERSION = YES;
				CLANG_WARN_COMMA = YES;
				CLANG_WARN_CONSTANT_CONVERSION = YES;
				CLANG_WARN_DEPRECATED_OBJC_IMPLEMENTATIONS = YES;
				CLANG_WARN_DIRECT_OBJC_ISA_USAGE = YES_ERROR;
				CLANG_WARN_DOCUMENTATION_COMMENTS = YES;
				CLANG_WARN_EMPTY_BODY = YES;
				CLANG_WARN_ENUM_CONVERSION = YES;
				CLANG_WARN_INFINITE_RECURSION = YES;
				CLANG_WARN_INT_CONVERSION = YES;
				CLANG_WARN_NON_LITERAL_NULL_CONVERSION = YES;
				CLANG_WARN_OBJC_IMPLICIT_RETAIN_SELF = YES;
				CLANG_WARN_OBJC_LITERAL_CONVERSION = YES;
				CLANG_WARN_OBJC_ROOT_CLASS = YES_ERROR;
				CLANG_WARN_RANGE_LOOP_ANALYSIS = YES;
				CLANG_WARN_STRICT_PROTOTYPES = YES;
				CLANG_WARN_SUSPICIOUS_MOVE = YES;
				CLANG_WARN_UNGUARDED_AVAILABILITY = YES_AGGRESSIVE;
				CLANG_WARN_UNREACHABLE_CODE = YES;
				CLANG_WARN__DUPLICATE_METHOD_MATCH = YES;
				COPY_PHASE_STRIP = NO;
				DEBUG_INFORMATION_FORMAT = dwarf;
				ENABLE_STRICT_OBJC_MSGSEND = YES;
				ENABLE_TESTABILITY = YES;
				GCC_C_LANGUAGE_STANDARD = gnu11;
				GCC_DYNAMIC_NO_PIC = NO;
				GCC_NO_COMMON_BLOCKS = YES;
				GCC_OPTIMIZATION_LEVEL = 0;
				GCC_PREPROCESSOR_DEFINITIONS = (
					"DEBUG=1",
					"$(inherited)",
				);
				GCC_WARN_64_TO_32_BIT_CONVERSION = YES;
				GCC_WARN_ABOUT_RETURN_TYPE = YES_ERROR;
				GCC_WARN_UNDECLARED_SELECTOR = YES;
				GCC_WARN_UNINITIALIZED_AUTOS = YES_AGGRESSIVE;
				GCC_WARN_UNUSED_FUNCTION = YES;
				GCC_WARN_UNUSED_VARIABLE = YES;
				IPHONEOS_DEPLOYMENT_TARGET = 13.2;
				MTL_ENABLE_DEBUG_INFO = INCLUDE_SOURCE;
				MTL_FAST_MATH = YES;
				ONLY_ACTIVE_ARCH = YES;
				SDKROOT = iphoneos;
				SWIFT_ACTIVE_COMPILATION_CONDITIONS = DEBUG;
				SWIFT_OPTIMIZATION_LEVEL = "-Onone";
			};
			name = Debug;
		};
		02A9441D242B8CE400623BC4 /* Release */ = {
			isa = XCBuildConfiguration;
			buildSettings = {
				ALWAYS_SEARCH_USER_PATHS = NO;
				CLANG_ANALYZER_NONNULL = YES;
				CLANG_ANALYZER_NUMBER_OBJECT_CONVERSION = YES_AGGRESSIVE;
				CLANG_CXX_LANGUAGE_STANDARD = "gnu++14";
				CLANG_CXX_LIBRARY = "libc++";
				CLANG_ENABLE_MODULES = YES;
				CLANG_ENABLE_OBJC_ARC = YES;
				CLANG_ENABLE_OBJC_WEAK = YES;
				CLANG_WARN_BLOCK_CAPTURE_AUTORELEASING = YES;
				CLANG_WARN_BOOL_CONVERSION = YES;
				CLANG_WARN_COMMA = YES;
				CLANG_WARN_CONSTANT_CONVERSION = YES;
				CLANG_WARN_DEPRECATED_OBJC_IMPLEMENTATIONS = YES;
				CLANG_WARN_DIRECT_OBJC_ISA_USAGE = YES_ERROR;
				CLANG_WARN_DOCUMENTATION_COMMENTS = YES;
				CLANG_WARN_EMPTY_BODY = YES;
				CLANG_WARN_ENUM_CONVERSION = YES;
				CLANG_WARN_INFINITE_RECURSION = YES;
				CLANG_WARN_INT_CONVERSION = YES;
				CLANG_WARN_NON_LITERAL_NULL_CONVERSION = YES;
				CLANG_WARN_OBJC_IMPLICIT_RETAIN_SELF = YES;
				CLANG_WARN_OBJC_LITERAL_CONVERSION = YES;
				CLANG_WARN_OBJC_ROOT_CLASS = YES_ERROR;
				CLANG_WARN_RANGE_LOOP_ANALYSIS = YES;
				CLANG_WARN_STRICT_PROTOTYPES = YES;
				CLANG_WARN_SUSPICIOUS_MOVE = YES;
				CLANG_WARN_UNGUARDED_AVAILABILITY = YES_AGGRESSIVE;
				CLANG_WARN_UNREACHABLE_CODE = YES;
				CLANG_WARN__DUPLICATE_METHOD_MATCH = YES;
				COPY_PHASE_STRIP = NO;
				DEBUG_INFORMATION_FORMAT = "dwarf-with-dsym";
				ENABLE_NS_ASSERTIONS = NO;
				ENABLE_STRICT_OBJC_MSGSEND = YES;
				GCC_C_LANGUAGE_STANDARD = gnu11;
				GCC_NO_COMMON_BLOCKS = YES;
				GCC_WARN_64_TO_32_BIT_CONVERSION = YES;
				GCC_WARN_ABOUT_RETURN_TYPE = YES_ERROR;
				GCC_WARN_UNDECLARED_SELECTOR = YES;
				GCC_WARN_UNINITIALIZED_AUTOS = YES_AGGRESSIVE;
				GCC_WARN_UNUSED_FUNCTION = YES;
				GCC_WARN_UNUSED_VARIABLE = YES;
				IPHONEOS_DEPLOYMENT_TARGET = 13.2;
				MTL_ENABLE_DEBUG_INFO = NO;
				MTL_FAST_MATH = YES;
				SDKROOT = iphoneos;
				SWIFT_COMPILATION_MODE = wholemodule;
				SWIFT_OPTIMIZATION_LEVEL = "-O";
				VALIDATE_PRODUCT = YES;
			};
			name = Release;
		};
		02A9441F242B8CE400623BC4 /* Debug */ = {
			isa = XCBuildConfiguration;
			buildSettings = {
				ASSETCATALOG_COMPILER_APPICON_NAME = AppIcon;
				CODE_SIGN_ENTITLEMENTS = CovidApp/CovidApp.entitlements;
				CODE_SIGN_IDENTITY = "iPhone Developer";
				CODE_SIGN_STYLE = Manual;
				DEVELOPMENT_TEAM = R8CKJFJ8PK;
				INFOPLIST_FILE = CovidApp/Info.plist;
				IPHONEOS_DEPLOYMENT_TARGET = 11.0;
				LD_RUNPATH_SEARCH_PATHS = (
					"$(inherited)",
					"@executable_path/Frameworks",
				);
				PRODUCT_BUNDLE_IDENTIFIER = com.kaiman.CovidApp;
				PRODUCT_NAME = "$(TARGET_NAME)";
				PROVISIONING_PROFILE_SPECIFIER = CovidApp;
				SWIFT_VERSION = 5.0;
				TARGETED_DEVICE_FAMILY = "1,2";
			};
			name = Debug;
		};
		02A94420242B8CE400623BC4 /* Release */ = {
			isa = XCBuildConfiguration;
			buildSettings = {
				ASSETCATALOG_COMPILER_APPICON_NAME = AppIcon;
				CODE_SIGN_ENTITLEMENTS = CovidApp/CovidApp.entitlements;
				CODE_SIGN_IDENTITY = "iPhone Developer";
				CODE_SIGN_STYLE = Manual;
				DEVELOPMENT_TEAM = R8CKJFJ8PK;
				INFOPLIST_FILE = CovidApp/Info.plist;
				IPHONEOS_DEPLOYMENT_TARGET = 11.0;
				LD_RUNPATH_SEARCH_PATHS = (
					"$(inherited)",
					"@executable_path/Frameworks",
				);
				PRODUCT_BUNDLE_IDENTIFIER = com.kaiman.CovidApp;
				PRODUCT_NAME = "$(TARGET_NAME)";
				PROVISIONING_PROFILE_SPECIFIER = CovidApp;
				SWIFT_VERSION = 5.0;
				TARGETED_DEVICE_FAMILY = "1,2";
			};
			name = Release;
		};
/* End XCBuildConfiguration section */

/* Begin XCConfigurationList section */
		02A94405242B8CE100623BC4 /* Build configuration list for PBXProject "CovidApp" */ = {
			isa = XCConfigurationList;
			buildConfigurations = (
				02A9441C242B8CE400623BC4 /* Debug */,
				02A9441D242B8CE400623BC4 /* Release */,
			);
			defaultConfigurationIsVisible = 0;
			defaultConfigurationName = Release;
		};
		02A9441E242B8CE400623BC4 /* Build configuration list for PBXNativeTarget "CovidApp" */ = {
			isa = XCConfigurationList;
			buildConfigurations = (
				02A9441F242B8CE400623BC4 /* Debug */,
				02A94420242B8CE400623BC4 /* Release */,
			);
			defaultConfigurationIsVisible = 0;
			defaultConfigurationName = Release;
		};
/* End XCConfigurationList section */

/* Begin XCRemoteSwiftPackageReference section */
		02A94421242B923C00623BC4 /* XCRemoteSwiftPackageReference "Alamofire" */ = {
			isa = XCRemoteSwiftPackageReference;
			repositoryURL = "https://github.com/Alamofire/Alamofire.git";
			requirement = {
				kind = upToNextMajorVersion;
				minimumVersion = 5.0.5;
			};
		};
		02A94427242B93B100623BC4 /* XCRemoteSwiftPackageReference "SnapKit" */ = {
			isa = XCRemoteSwiftPackageReference;
			repositoryURL = "https://github.com/SnapKit/SnapKit.git";
			requirement = {
				kind = upToNextMajorVersion;
				minimumVersion = 5.0.1;
			};
		};
		02A9442A242B93FB00623BC4 /* XCRemoteSwiftPackageReference "Hero" */ = {
			isa = XCRemoteSwiftPackageReference;
			repositoryURL = "https://github.com/HeroTransitions/Hero.git";
			requirement = {
				kind = upToNextMajorVersion;
				minimumVersion = 1.5.0;
			};
		};
		02A9442D242B954900623BC4 /* XCRemoteSwiftPackageReference "SwiftyUserDefaults" */ = {
			isa = XCRemoteSwiftPackageReference;
			repositoryURL = "https://github.com/sunshinejr/SwiftyUserDefaults.git";
			requirement = {
				kind = upToNextMajorVersion;
				minimumVersion = 5.0.0;
			};
		};
		02A94430242B961F00623BC4 /* XCRemoteSwiftPackageReference "AlamofireImage" */ = {
			isa = XCRemoteSwiftPackageReference;
			repositoryURL = "https://github.com/Alamofire/AlamofireImage.git";
			requirement = {
				kind = upToNextMajorVersion;
				minimumVersion = 4.0.3;
			};
		};
		02A94433242B977300623BC4 /* XCRemoteSwiftPackageReference "SwiftDate" */ = {
			isa = XCRemoteSwiftPackageReference;
			repositoryURL = "https://github.com/malcommac/SwiftDate.git";
			requirement = {
				kind = upToNextMajorVersion;
				minimumVersion = 6.1.0;
			};
		};
		02A94436242B979E00623BC4 /* XCRemoteSwiftPackageReference "Haptica" */ = {
			isa = XCRemoteSwiftPackageReference;
			repositoryURL = "https://github.com/efremidze/Haptica.git";
			requirement = {
				kind = upToNextMajorVersion;
				minimumVersion = 3.0.2;
			};
		};
		02A94439242B98EB00623BC4 /* XCRemoteSwiftPackageReference "MSBBarChart" */ = {
			isa = XCRemoteSwiftPackageReference;
			repositoryURL = "https://github.com/misyobun/MSBBarChart.git";
			requirement = {
				kind = upToNextMajorVersion;
				minimumVersion = 1.0.1;
			};
		};
		02A9446A242B9A8300623BC4 /* XCRemoteSwiftPackageReference "NSAttributedStringBuilder" */ = {
			isa = XCRemoteSwiftPackageReference;
			repositoryURL = "https://github.com/ethanhuang13/NSAttributedStringBuilder.git";
			requirement = {
				kind = upToNextMajorVersion;
				minimumVersion = 0.3.3;
			};
		};
		02A9446D242B9BA300623BC4 /* XCRemoteSwiftPackageReference "PromiseKit" */ = {
			isa = XCRemoteSwiftPackageReference;
			repositoryURL = "https://github.com/mxcl/PromiseKit.git";
			requirement = {
				kind = upToNextMajorVersion;
				minimumVersion = 6.13.1;
			};
		};
		02A94470242B9C2300623BC4 /* XCRemoteSwiftPackageReference "CoreLocation" */ = {
			isa = XCRemoteSwiftPackageReference;
			repositoryURL = "https://github.com/PromiseKit/CoreLocation.git";
			requirement = {
				kind = upToNextMajorVersion;
				minimumVersion = 3.1.1;
			};
		};
		02A94517242CBA2A00623BC4 /* XCRemoteSwiftPackageReference "paper-onboarding" */ = {
			isa = XCRemoteSwiftPackageReference;
			repositoryURL = "https://github.com/Ramotion/paper-onboarding.git";
			requirement = {
				kind = upToNextMajorVersion;
				minimumVersion = 6.1.4;
			};
		};
		02A9453C242F5A8D00623BC4 /* XCRemoteSwiftPackageReference "facebook-ios-sdk" */ = {
			isa = XCRemoteSwiftPackageReference;
			repositoryURL = "https://github.com/facebook/facebook-ios-sdk.git";
			requirement = {
				kind = upToNextMajorVersion;
				minimumVersion = 6.3.0;
			};
		};
		02A9454F242FAB0F00623BC4 /* XCRemoteSwiftPackageReference "KeychainAccess" */ = {
			isa = XCRemoteSwiftPackageReference;
			repositoryURL = "https://github.com/kishikawakatsumi/KeychainAccess.git";
			requirement = {
				kind = upToNextMajorVersion;
				minimumVersion = 4.1.0;
			};
		};
		02A94556242FB5D700623BC4 /* XCRemoteSwiftPackageReference "NotificationBanner" */ = {
			isa = XCRemoteSwiftPackageReference;
			repositoryURL = "https://github.com/Daltron/NotificationBanner.git";
			requirement = {
				kind = upToNextMajorVersion;
				minimumVersion = 3.0.4;
			};
		};
		02A945652430B3CC00623BC4 /* XCRemoteSwiftPackageReference "IQKeyboardManager" */ = {
			isa = XCRemoteSwiftPackageReference;
			repositoryURL = "https://github.com/hackiftekhar/IQKeyboardManager.git";
			requirement = {
				kind = upToNextMajorVersion;
				minimumVersion = 6.5.5;
			};
		};
/* End XCRemoteSwiftPackageReference section */

/* Begin XCSwiftPackageProductDependency section */
		02A94422242B923C00623BC4 /* Alamofire */ = {
			isa = XCSwiftPackageProductDependency;
			package = 02A94421242B923C00623BC4 /* XCRemoteSwiftPackageReference "Alamofire" */;
			productName = Alamofire;
		};
		02A94428242B93B100623BC4 /* SnapKit */ = {
			isa = XCSwiftPackageProductDependency;
			package = 02A94427242B93B100623BC4 /* XCRemoteSwiftPackageReference "SnapKit" */;
			productName = SnapKit;
		};
		02A9442B242B93FB00623BC4 /* Hero */ = {
			isa = XCSwiftPackageProductDependency;
			package = 02A9442A242B93FB00623BC4 /* XCRemoteSwiftPackageReference "Hero" */;
			productName = Hero;
		};
		02A9442E242B954900623BC4 /* SwiftyUserDefaults */ = {
			isa = XCSwiftPackageProductDependency;
			package = 02A9442D242B954900623BC4 /* XCRemoteSwiftPackageReference "SwiftyUserDefaults" */;
			productName = SwiftyUserDefaults;
		};
		02A94431242B961F00623BC4 /* AlamofireImage */ = {
			isa = XCSwiftPackageProductDependency;
			package = 02A94430242B961F00623BC4 /* XCRemoteSwiftPackageReference "AlamofireImage" */;
			productName = AlamofireImage;
		};
		02A94434242B977300623BC4 /* SwiftDate */ = {
			isa = XCSwiftPackageProductDependency;
			package = 02A94433242B977300623BC4 /* XCRemoteSwiftPackageReference "SwiftDate" */;
			productName = SwiftDate;
		};
		02A94437242B979E00623BC4 /* Haptica */ = {
			isa = XCSwiftPackageProductDependency;
			package = 02A94436242B979E00623BC4 /* XCRemoteSwiftPackageReference "Haptica" */;
			productName = Haptica;
		};
		02A9443A242B98EB00623BC4 /* MSBBarChart */ = {
			isa = XCSwiftPackageProductDependency;
			package = 02A94439242B98EB00623BC4 /* XCRemoteSwiftPackageReference "MSBBarChart" */;
			productName = MSBBarChart;
		};
		02A9446B242B9A8300623BC4 /* NSAttributedStringBuilder */ = {
			isa = XCSwiftPackageProductDependency;
			package = 02A9446A242B9A8300623BC4 /* XCRemoteSwiftPackageReference "NSAttributedStringBuilder" */;
			productName = NSAttributedStringBuilder;
		};
		02A9446E242B9BA300623BC4 /* PromiseKit */ = {
			isa = XCSwiftPackageProductDependency;
			package = 02A9446D242B9BA300623BC4 /* XCRemoteSwiftPackageReference "PromiseKit" */;
			productName = PromiseKit;
		};
		02A94471242B9C2300623BC4 /* PMKCoreLocation */ = {
			isa = XCSwiftPackageProductDependency;
			package = 02A94470242B9C2300623BC4 /* XCRemoteSwiftPackageReference "CoreLocation" */;
			productName = PMKCoreLocation;
		};
		02A94518242CBA2A00623BC4 /* PaperOnboarding */ = {
			isa = XCSwiftPackageProductDependency;
			package = 02A94517242CBA2A00623BC4 /* XCRemoteSwiftPackageReference "paper-onboarding" */;
			productName = PaperOnboarding;
		};
		02A9453D242F5A8D00623BC4 /* FacebookCore */ = {
			isa = XCSwiftPackageProductDependency;
			package = 02A9453C242F5A8D00623BC4 /* XCRemoteSwiftPackageReference "facebook-ios-sdk" */;
			productName = FacebookCore;
		};
		02A9453F242F5A8D00623BC4 /* FacebookLogin */ = {
			isa = XCSwiftPackageProductDependency;
			package = 02A9453C242F5A8D00623BC4 /* XCRemoteSwiftPackageReference "facebook-ios-sdk" */;
			productName = FacebookLogin;
		};
		02A94541242F5A8D00623BC4 /* FacebookShare */ = {
			isa = XCSwiftPackageProductDependency;
			package = 02A9453C242F5A8D00623BC4 /* XCRemoteSwiftPackageReference "facebook-ios-sdk" */;
			productName = FacebookShare;
		};
		02A94550242FAB0F00623BC4 /* KeychainAccess */ = {
			isa = XCSwiftPackageProductDependency;
			package = 02A9454F242FAB0F00623BC4 /* XCRemoteSwiftPackageReference "KeychainAccess" */;
			productName = KeychainAccess;
		};
		02A94557242FB5D700623BC4 /* NotificationBannerSwift */ = {
			isa = XCSwiftPackageProductDependency;
			package = 02A94556242FB5D700623BC4 /* XCRemoteSwiftPackageReference "NotificationBanner" */;
			productName = NotificationBannerSwift;
		};
		02A945662430B3CC00623BC4 /* IQKeyboardManagerSwift */ = {
			isa = XCSwiftPackageProductDependency;
			package = 02A945652430B3CC00623BC4 /* XCRemoteSwiftPackageReference "IQKeyboardManager" */;
			productName = IQKeyboardManagerSwift;
		};
/* End XCSwiftPackageProductDependency section */
	};
	rootObject = 02A94402242B8CE100623BC4 /* Project object */;
}
