// !$*UTF8*$!
{
	archiveVersion = 1;
	classes = {
	};
	objectVersion = 52;
	objects = {

/* Begin PBXBuildFile section */
		02A9440E242B8CE100623BC4 /* AppDelegate.swift in Sources */ = {isa = PBXBuildFile; fileRef = 02A9440D242B8CE100623BC4 /* AppDelegate.swift */; };
		02A94410242B8CE100623BC4 /* SceneDelegate.swift in Sources */ = {isa = PBXBuildFile; fileRef = 02A9440F242B8CE100623BC4 /* SceneDelegate.swift */; };
		02A94412242B8CE100623BC4 /* ViewController.swift in Sources */ = {isa = PBXBuildFile; fileRef = 02A94411242B8CE100623BC4 /* ViewController.swift */; };
		02A94415242B8CE100623BC4 /* Main.storyboard in Resources */ = {isa = PBXBuildFile; fileRef = 02A94413242B8CE100623BC4 /* Main.storyboard */; };
		02A94417242B8CE400623BC4 /* Assets.xcassets in Resources */ = {isa = PBXBuildFile; fileRef = 02A94416242B8CE400623BC4 /* Assets.xcassets */; };
		02A9441A242B8CE400623BC4 /* LaunchScreen.storyboard in Resources */ = {isa = PBXBuildFile; fileRef = 02A94418242B8CE400623BC4 /* LaunchScreen.storyboard */; };
		02A94423242B923C00623BC4 /* Alamofire in Frameworks */ = {isa = PBXBuildFile; productRef = 02A94422242B923C00623BC4 /* Alamofire */; };
		02A94426242B92D700623BC4 /* Shuffle in Frameworks */ = {isa = PBXBuildFile; productRef = 02A94425242B92D700623BC4 /* Shuffle */; };
		02A94429242B93B100623BC4 /* SnapKit in Frameworks */ = {isa = PBXBuildFile; productRef = 02A94428242B93B100623BC4 /* SnapKit */; };
		02A9442C242B93FB00623BC4 /* Hero in Frameworks */ = {isa = PBXBuildFile; productRef = 02A9442B242B93FB00623BC4 /* Hero */; };
		02A9442F242B954900623BC4 /* SwiftyUserDefaults in Frameworks */ = {isa = PBXBuildFile; productRef = 02A9442E242B954900623BC4 /* SwiftyUserDefaults */; };
		02A94432242B961F00623BC4 /* AlamofireImage in Frameworks */ = {isa = PBXBuildFile; productRef = 02A94431242B961F00623BC4 /* AlamofireImage */; };
		02A94435242B977300623BC4 /* SwiftDate in Frameworks */ = {isa = PBXBuildFile; productRef = 02A94434242B977300623BC4 /* SwiftDate */; };
		02A94438242B979E00623BC4 /* Haptica in Frameworks */ = {isa = PBXBuildFile; productRef = 02A94437242B979E00623BC4 /* Haptica */; };
		02A9443B242B98EB00623BC4 /* MSBBarChart in Frameworks */ = {isa = PBXBuildFile; productRef = 02A9443A242B98EB00623BC4 /* MSBBarChart */; };
/* End PBXBuildFile section */

/* Begin PBXFileReference section */
		02A9440A242B8CE100623BC4 /* CovidApp.app */ = {isa = PBXFileReference; explicitFileType = wrapper.application; includeInIndex = 0; path = CovidApp.app; sourceTree = BUILT_PRODUCTS_DIR; };
		02A9440D242B8CE100623BC4 /* AppDelegate.swift */ = {isa = PBXFileReference; lastKnownFileType = sourcecode.swift; path = AppDelegate.swift; sourceTree = "<group>"; };
		02A9440F242B8CE100623BC4 /* SceneDelegate.swift */ = {isa = PBXFileReference; lastKnownFileType = sourcecode.swift; path = SceneDelegate.swift; sourceTree = "<group>"; };
		02A94411242B8CE100623BC4 /* ViewController.swift */ = {isa = PBXFileReference; lastKnownFileType = sourcecode.swift; path = ViewController.swift; sourceTree = "<group>"; };
		02A94414242B8CE100623BC4 /* Base */ = {isa = PBXFileReference; lastKnownFileType = file.storyboard; name = Base; path = Base.lproj/Main.storyboard; sourceTree = "<group>"; };
		02A94416242B8CE400623BC4 /* Assets.xcassets */ = {isa = PBXFileReference; lastKnownFileType = folder.assetcatalog; path = Assets.xcassets; sourceTree = "<group>"; };
		02A94419242B8CE400623BC4 /* Base */ = {isa = PBXFileReference; lastKnownFileType = file.storyboard; name = Base; path = Base.lproj/LaunchScreen.storyboard; sourceTree = "<group>"; };
		02A9441B242B8CE400623BC4 /* Info.plist */ = {isa = PBXFileReference; lastKnownFileType = text.plist.xml; path = Info.plist; sourceTree = "<group>"; };
/* End PBXFileReference section */

/* Begin PBXFrameworksBuildPhase section */
		02A94407242B8CE100623BC4 /* Frameworks */ = {
			isa = PBXFrameworksBuildPhase;
			buildActionMask = 2147483647;
			files = (
				02A94429242B93B100623BC4 /* SnapKit in Frameworks */,
				02A9443B242B98EB00623BC4 /* MSBBarChart in Frameworks */,
				02A94438242B979E00623BC4 /* Haptica in Frameworks */,
				02A94426242B92D700623BC4 /* Shuffle in Frameworks */,
				02A9442C242B93FB00623BC4 /* Hero in Frameworks */,
				02A9442F242B954900623BC4 /* SwiftyUserDefaults in Frameworks */,
				02A94435242B977300623BC4 /* SwiftDate in Frameworks */,
				02A94423242B923C00623BC4 /* Alamofire in Frameworks */,
				02A94432242B961F00623BC4 /* AlamofireImage in Frameworks */,
			);
			runOnlyForDeploymentPostprocessing = 0;
		};
/* End PBXFrameworksBuildPhase section */

/* Begin PBXGroup section */
		02A94401242B8CE100623BC4 = {
			isa = PBXGroup;
			children = (
				02A9440C242B8CE100623BC4 /* CovidApp */,
				02A9440B242B8CE100623BC4 /* Products */,
			);
			sourceTree = "<group>";
		};
		02A9440B242B8CE100623BC4 /* Products */ = {
			isa = PBXGroup;
			children = (
				02A9440A242B8CE100623BC4 /* CovidApp.app */,
			);
			name = Products;
			sourceTree = "<group>";
		};
		02A9440C242B8CE100623BC4 /* CovidApp */ = {
			isa = PBXGroup;
			children = (
				02A9440D242B8CE100623BC4 /* AppDelegate.swift */,
				02A9440F242B8CE100623BC4 /* SceneDelegate.swift */,
				02A94411242B8CE100623BC4 /* ViewController.swift */,
				02A94413242B8CE100623BC4 /* Main.storyboard */,
				02A94416242B8CE400623BC4 /* Assets.xcassets */,
				02A94418242B8CE400623BC4 /* LaunchScreen.storyboard */,
				02A9441B242B8CE400623BC4 /* Info.plist */,
			);
			path = CovidApp;
			sourceTree = "<group>";
		};
/* End PBXGroup section */

/* Begin PBXNativeTarget section */
		02A94409242B8CE100623BC4 /* CovidApp */ = {
			isa = PBXNativeTarget;
			buildConfigurationList = 02A9441E242B8CE400623BC4 /* Build configuration list for PBXNativeTarget "CovidApp" */;
			buildPhases = (
				02A94406242B8CE100623BC4 /* Sources */,
				02A94407242B8CE100623BC4 /* Frameworks */,
				02A94408242B8CE100623BC4 /* Resources */,
			);
			buildRules = (
			);
			dependencies = (
			);
			name = CovidApp;
			packageProductDependencies = (
				02A94422242B923C00623BC4 /* Alamofire */,
				02A94425242B92D700623BC4 /* Shuffle */,
				02A94428242B93B100623BC4 /* SnapKit */,
				02A9442B242B93FB00623BC4 /* Hero */,
				02A9442E242B954900623BC4 /* SwiftyUserDefaults */,
				02A94431242B961F00623BC4 /* AlamofireImage */,
				02A94434242B977300623BC4 /* SwiftDate */,
				02A94437242B979E00623BC4 /* Haptica */,
				02A9443A242B98EB00623BC4 /* MSBBarChart */,
			);
			productName = CovidApp;
			productReference = 02A9440A242B8CE100623BC4 /* CovidApp.app */;
			productType = "com.apple.product-type.application";
		};
/* End PBXNativeTarget section */

/* Begin PBXProject section */
		02A94402242B8CE100623BC4 /* Project object */ = {
			isa = PBXProject;
			attributes = {
				LastSwiftUpdateCheck = 1130;
				LastUpgradeCheck = 1130;
				ORGANIZATIONNAME = "Jerome TONNELIER";
				TargetAttributes = {
					02A94409242B8CE100623BC4 = {
						CreatedOnToolsVersion = 11.3.1;
					};
				};
			};
			buildConfigurationList = 02A94405242B8CE100623BC4 /* Build configuration list for PBXProject "CovidApp" */;
			compatibilityVersion = "Xcode 9.3";
			developmentRegion = en;
			hasScannedForEncodings = 0;
			knownRegions = (
				en,
				Base,
			);
			mainGroup = 02A94401242B8CE100623BC4;
			packageReferences = (
				02A94421242B923C00623BC4 /* XCRemoteSwiftPackageReference "Alamofire" */,
				02A94424242B92D700623BC4 /* XCRemoteSwiftPackageReference "Shuffle" */,
				02A94427242B93B100623BC4 /* XCRemoteSwiftPackageReference "SnapKit" */,
				02A9442A242B93FB00623BC4 /* XCRemoteSwiftPackageReference "Hero" */,
				02A9442D242B954900623BC4 /* XCRemoteSwiftPackageReference "SwiftyUserDefaults" */,
				02A94430242B961F00623BC4 /* XCRemoteSwiftPackageReference "AlamofireImage" */,
				02A94433242B977300623BC4 /* XCRemoteSwiftPackageReference "SwiftDate" */,
				02A94436242B979E00623BC4 /* XCRemoteSwiftPackageReference "Haptica" */,
				02A94439242B98EB00623BC4 /* XCRemoteSwiftPackageReference "MSBBarChart" */,
			);
			productRefGroup = 02A9440B242B8CE100623BC4 /* Products */;
			projectDirPath = "";
			projectRoot = "";
			targets = (
				02A94409242B8CE100623BC4 /* CovidApp */,
			);
		};
/* End PBXProject section */

/* Begin PBXResourcesBuildPhase section */
		02A94408242B8CE100623BC4 /* Resources */ = {
			isa = PBXResourcesBuildPhase;
			buildActionMask = 2147483647;
			files = (
				02A9441A242B8CE400623BC4 /* LaunchScreen.storyboard in Resources */,
				02A94417242B8CE400623BC4 /* Assets.xcassets in Resources */,
				02A94415242B8CE100623BC4 /* Main.storyboard in Resources */,
			);
			runOnlyForDeploymentPostprocessing = 0;
		};
/* End PBXResourcesBuildPhase section */

/* Begin PBXSourcesBuildPhase section */
		02A94406242B8CE100623BC4 /* Sources */ = {
			isa = PBXSourcesBuildPhase;
			buildActionMask = 2147483647;
			files = (
				02A94412242B8CE100623BC4 /* ViewController.swift in Sources */,
				02A9440E242B8CE100623BC4 /* AppDelegate.swift in Sources */,
				02A94410242B8CE100623BC4 /* SceneDelegate.swift in Sources */,
			);
			runOnlyForDeploymentPostprocessing = 0;
		};
/* End PBXSourcesBuildPhase section */

/* Begin PBXVariantGroup section */
		02A94413242B8CE100623BC4 /* Main.storyboard */ = {
			isa = PBXVariantGroup;
			children = (
				02A94414242B8CE100623BC4 /* Base */,
			);
			name = Main.storyboard;
			sourceTree = "<group>";
		};
		02A94418242B8CE400623BC4 /* LaunchScreen.storyboard */ = {
			isa = PBXVariantGroup;
			children = (
				02A94419242B8CE400623BC4 /* Base */,
			);
			name = LaunchScreen.storyboard;
			sourceTree = "<group>";
		};
/* End PBXVariantGroup section */

/* Begin XCBuildConfiguration section */
		02A9441C242B8CE400623BC4 /* Debug */ = {
			isa = XCBuildConfiguration;
			buildSettings = {
				ALWAYS_SEARCH_USER_PATHS = NO;
				CLANG_ANALYZER_NONNULL = YES;
				CLANG_ANALYZER_NUMBER_OBJECT_CONVERSION = YES_AGGRESSIVE;
				CLANG_CXX_LANGUAGE_STANDARD = "gnu++14";
				CLANG_CXX_LIBRARY = "libc++";
				CLANG_ENABLE_MODULES = YES;
				CLANG_ENABLE_OBJC_ARC = YES;
				CLANG_ENABLE_OBJC_WEAK = YES;
				CLANG_WARN_BLOCK_CAPTURE_AUTORELEASING = YES;
				CLANG_WARN_BOOL_CONVERSION = YES;
				CLANG_WARN_COMMA = YES;
				CLANG_WARN_CONSTANT_CONVERSION = YES;
				CLANG_WARN_DEPRECATED_OBJC_IMPLEMENTATIONS = YES;
				CLANG_WARN_DIRECT_OBJC_ISA_USAGE = YES_ERROR;
				CLANG_WARN_DOCUMENTATION_COMMENTS = YES;
				CLANG_WARN_EMPTY_BODY = YES;
				CLANG_WARN_ENUM_CONVERSION = YES;
				CLANG_WARN_INFINITE_RECURSION = YES;
				CLANG_WARN_INT_CONVERSION = YES;
				CLANG_WARN_NON_LITERAL_NULL_CONVERSION = YES;
				CLANG_WARN_OBJC_IMPLICIT_RETAIN_SELF = YES;
				CLANG_WARN_OBJC_LITERAL_CONVERSION = YES;
				CLANG_WARN_OBJC_ROOT_CLASS = YES_ERROR;
				CLANG_WARN_RANGE_LOOP_ANALYSIS = YES;
				CLANG_WARN_STRICT_PROTOTYPES = YES;
				CLANG_WARN_SUSPICIOUS_MOVE = YES;
				CLANG_WARN_UNGUARDED_AVAILABILITY = YES_AGGRESSIVE;
				CLANG_WARN_UNREACHABLE_CODE = YES;
				CLANG_WARN__DUPLICATE_METHOD_MATCH = YES;
				COPY_PHASE_STRIP = NO;
				DEBUG_INFORMATION_FORMAT = dwarf;
				ENABLE_STRICT_OBJC_MSGSEND = YES;
				ENABLE_TESTABILITY = YES;
				GCC_C_LANGUAGE_STANDARD = gnu11;
				GCC_DYNAMIC_NO_PIC = NO;
				GCC_NO_COMMON_BLOCKS = YES;
				GCC_OPTIMIZATION_LEVEL = 0;
				GCC_PREPROCESSOR_DEFINITIONS = (
					"DEBUG=1",
					"$(inherited)",
				);
				GCC_WARN_64_TO_32_BIT_CONVERSION = YES;
				GCC_WARN_ABOUT_RETURN_TYPE = YES_ERROR;
				GCC_WARN_UNDECLARED_SELECTOR = YES;
				GCC_WARN_UNINITIALIZED_AUTOS = YES_AGGRESSIVE;
				GCC_WARN_UNUSED_FUNCTION = YES;
				GCC_WARN_UNUSED_VARIABLE = YES;
				IPHONEOS_DEPLOYMENT_TARGET = 13.2;
				MTL_ENABLE_DEBUG_INFO = INCLUDE_SOURCE;
				MTL_FAST_MATH = YES;
				ONLY_ACTIVE_ARCH = YES;
				SDKROOT = iphoneos;
				SWIFT_ACTIVE_COMPILATION_CONDITIONS = DEBUG;
				SWIFT_OPTIMIZATION_LEVEL = "-Onone";
			};
			name = Debug;
		};
		02A9441D242B8CE400623BC4 /* Release */ = {
			isa = XCBuildConfiguration;
			buildSettings = {
				ALWAYS_SEARCH_USER_PATHS = NO;
				CLANG_ANALYZER_NONNULL = YES;
				CLANG_ANALYZER_NUMBER_OBJECT_CONVERSION = YES_AGGRESSIVE;
				CLANG_CXX_LANGUAGE_STANDARD = "gnu++14";
				CLANG_CXX_LIBRARY = "libc++";
				CLANG_ENABLE_MODULES = YES;
				CLANG_ENABLE_OBJC_ARC = YES;
				CLANG_ENABLE_OBJC_WEAK = YES;
				CLANG_WARN_BLOCK_CAPTURE_AUTORELEASING = YES;
				CLANG_WARN_BOOL_CONVERSION = YES;
				CLANG_WARN_COMMA = YES;
				CLANG_WARN_CONSTANT_CONVERSION = YES;
				CLANG_WARN_DEPRECATED_OBJC_IMPLEMENTATIONS = YES;
				CLANG_WARN_DIRECT_OBJC_ISA_USAGE = YES_ERROR;
				CLANG_WARN_DOCUMENTATION_COMMENTS = YES;
				CLANG_WARN_EMPTY_BODY = YES;
				CLANG_WARN_ENUM_CONVERSION = YES;
				CLANG_WARN_INFINITE_RECURSION = YES;
				CLANG_WARN_INT_CONVERSION = YES;
				CLANG_WARN_NON_LITERAL_NULL_CONVERSION = YES;
				CLANG_WARN_OBJC_IMPLICIT_RETAIN_SELF = YES;
				CLANG_WARN_OBJC_LITERAL_CONVERSION = YES;
				CLANG_WARN_OBJC_ROOT_CLASS = YES_ERROR;
				CLANG_WARN_RANGE_LOOP_ANALYSIS = YES;
				CLANG_WARN_STRICT_PROTOTYPES = YES;
				CLANG_WARN_SUSPICIOUS_MOVE = YES;
				CLANG_WARN_UNGUARDED_AVAILABILITY = YES_AGGRESSIVE;
				CLANG_WARN_UNREACHABLE_CODE = YES;
				CLANG_WARN__DUPLICATE_METHOD_MATCH = YES;
				COPY_PHASE_STRIP = NO;
				DEBUG_INFORMATION_FORMAT = "dwarf-with-dsym";
				ENABLE_NS_ASSERTIONS = NO;
				ENABLE_STRICT_OBJC_MSGSEND = YES;
				GCC_C_LANGUAGE_STANDARD = gnu11;
				GCC_NO_COMMON_BLOCKS = YES;
				GCC_WARN_64_TO_32_BIT_CONVERSION = YES;
				GCC_WARN_ABOUT_RETURN_TYPE = YES_ERROR;
				GCC_WARN_UNDECLARED_SELECTOR = YES;
				GCC_WARN_UNINITIALIZED_AUTOS = YES_AGGRESSIVE;
				GCC_WARN_UNUSED_FUNCTION = YES;
				GCC_WARN_UNUSED_VARIABLE = YES;
				IPHONEOS_DEPLOYMENT_TARGET = 13.2;
				MTL_ENABLE_DEBUG_INFO = NO;
				MTL_FAST_MATH = YES;
				SDKROOT = iphoneos;
				SWIFT_COMPILATION_MODE = wholemodule;
				SWIFT_OPTIMIZATION_LEVEL = "-O";
				VALIDATE_PRODUCT = YES;
			};
			name = Release;
		};
		02A9441F242B8CE400623BC4 /* Debug */ = {
			isa = XCBuildConfiguration;
			buildSettings = {
				ASSETCATALOG_COMPILER_APPICON_NAME = AppIcon;
				CODE_SIGN_STYLE = Automatic;
				DEVELOPMENT_TEAM = PL2MHQYD7K;
				INFOPLIST_FILE = CovidApp/Info.plist;
				LD_RUNPATH_SEARCH_PATHS = (
					"$(inherited)",
					"@executable_path/Frameworks",
				);
				PRODUCT_BUNDLE_IDENTIFIER = com.jerometonnelier.CovidApp;
				PRODUCT_NAME = "$(TARGET_NAME)";
				SWIFT_VERSION = 5.0;
				TARGETED_DEVICE_FAMILY = "1,2";
			};
			name = Debug;
		};
		02A94420242B8CE400623BC4 /* Release */ = {
			isa = XCBuildConfiguration;
			buildSettings = {
				ASSETCATALOG_COMPILER_APPICON_NAME = AppIcon;
				CODE_SIGN_STYLE = Automatic;
				DEVELOPMENT_TEAM = PL2MHQYD7K;
				INFOPLIST_FILE = CovidApp/Info.plist;
				LD_RUNPATH_SEARCH_PATHS = (
					"$(inherited)",
					"@executable_path/Frameworks",
				);
				PRODUCT_BUNDLE_IDENTIFIER = com.jerometonnelier.CovidApp;
				PRODUCT_NAME = "$(TARGET_NAME)";
				SWIFT_VERSION = 5.0;
				TARGETED_DEVICE_FAMILY = "1,2";
			};
			name = Release;
		};
/* End XCBuildConfiguration section */

/* Begin XCConfigurationList section */
		02A94405242B8CE100623BC4 /* Build configuration list for PBXProject "CovidApp" */ = {
			isa = XCConfigurationList;
			buildConfigurations = (
				02A9441C242B8CE400623BC4 /* Debug */,
				02A9441D242B8CE400623BC4 /* Release */,
			);
			defaultConfigurationIsVisible = 0;
			defaultConfigurationName = Release;
		};
		02A9441E242B8CE400623BC4 /* Build configuration list for PBXNativeTarget "CovidApp" */ = {
			isa = XCConfigurationList;
			buildConfigurations = (
				02A9441F242B8CE400623BC4 /* Debug */,
				02A94420242B8CE400623BC4 /* Release */,
			);
			defaultConfigurationIsVisible = 0;
			defaultConfigurationName = Release;
		};
/* End XCConfigurationList section */

/* Begin XCRemoteSwiftPackageReference section */
		02A94421242B923C00623BC4 /* XCRemoteSwiftPackageReference "Alamofire" */ = {
			isa = XCRemoteSwiftPackageReference;
			repositoryURL = "https://github.com/Alamofire/Alamofire.git";
			requirement = {
				kind = upToNextMajorVersion;
				minimumVersion = 5.0.5;
			};
		};
		02A94424242B92D700623BC4 /* XCRemoteSwiftPackageReference "Shuffle" */ = {
			isa = XCRemoteSwiftPackageReference;
			repositoryURL = "https://github.com/mac-gallagher/Shuffle.git";
			requirement = {
				kind = upToNextMajorVersion;
				minimumVersion = 0.1.5;
			};
		};
		02A94427242B93B100623BC4 /* XCRemoteSwiftPackageReference "SnapKit" */ = {
			isa = XCRemoteSwiftPackageReference;
			repositoryURL = "https://github.com/SnapKit/SnapKit.git";
			requirement = {
				kind = upToNextMajorVersion;
				minimumVersion = 5.0.1;
			};
		};
		02A9442A242B93FB00623BC4 /* XCRemoteSwiftPackageReference "Hero" */ = {
			isa = XCRemoteSwiftPackageReference;
			repositoryURL = "https://github.com/HeroTransitions/Hero.git";
			requirement = {
				kind = upToNextMajorVersion;
				minimumVersion = 1.5.0;
			};
		};
		02A9442D242B954900623BC4 /* XCRemoteSwiftPackageReference "SwiftyUserDefaults" */ = {
			isa = XCRemoteSwiftPackageReference;
			repositoryURL = "https://github.com/sunshinejr/SwiftyUserDefaults.git";
			requirement = {
				kind = upToNextMajorVersion;
				minimumVersion = 5.0.0;
			};
		};
		02A94430242B961F00623BC4 /* XCRemoteSwiftPackageReference "AlamofireImage" */ = {
			isa = XCRemoteSwiftPackageReference;
			repositoryURL = "https://github.com/Alamofire/AlamofireImage.git";
			requirement = {
				kind = upToNextMajorVersion;
				minimumVersion = 4.0.3;
			};
		};
		02A94433242B977300623BC4 /* XCRemoteSwiftPackageReference "SwiftDate" */ = {
			isa = XCRemoteSwiftPackageReference;
			repositoryURL = "https://github.com/malcommac/SwiftDate.git";
			requirement = {
				kind = upToNextMajorVersion;
				minimumVersion = 6.1.0;
			};
		};
		02A94436242B979E00623BC4 /* XCRemoteSwiftPackageReference "Haptica" */ = {
			isa = XCRemoteSwiftPackageReference;
			repositoryURL = "https://github.com/efremidze/Haptica.git";
			requirement = {
				kind = upToNextMajorVersion;
				minimumVersion = 3.0.2;
			};
		};
		02A94439242B98EB00623BC4 /* XCRemoteSwiftPackageReference "MSBBarChart" */ = {
			isa = XCRemoteSwiftPackageReference;
			repositoryURL = "https://github.com/misyobun/MSBBarChart.git";
			requirement = {
				kind = upToNextMajorVersion;
				minimumVersion = 1.0.1;
			};
		};
/* End XCRemoteSwiftPackageReference section */

/* Begin XCSwiftPackageProductDependency section */
		02A94422242B923C00623BC4 /* Alamofire */ = {
			isa = XCSwiftPackageProductDependency;
			package = 02A94421242B923C00623BC4 /* XCRemoteSwiftPackageReference "Alamofire" */;
			productName = Alamofire;
		};
		02A94425242B92D700623BC4 /* Shuffle */ = {
			isa = XCSwiftPackageProductDependency;
			package = 02A94424242B92D700623BC4 /* XCRemoteSwiftPackageReference "Shuffle" */;
			productName = Shuffle;
		};
		02A94428242B93B100623BC4 /* SnapKit */ = {
			isa = XCSwiftPackageProductDependency;
			package = 02A94427242B93B100623BC4 /* XCRemoteSwiftPackageReference "SnapKit" */;
			productName = SnapKit;
		};
		02A9442B242B93FB00623BC4 /* Hero */ = {
			isa = XCSwiftPackageProductDependency;
			package = 02A9442A242B93FB00623BC4 /* XCRemoteSwiftPackageReference "Hero" */;
			productName = Hero;
		};
		02A9442E242B954900623BC4 /* SwiftyUserDefaults */ = {
			isa = XCSwiftPackageProductDependency;
			package = 02A9442D242B954900623BC4 /* XCRemoteSwiftPackageReference "SwiftyUserDefaults" */;
			productName = SwiftyUserDefaults;
		};
		02A94431242B961F00623BC4 /* AlamofireImage */ = {
			isa = XCSwiftPackageProductDependency;
			package = 02A94430242B961F00623BC4 /* XCRemoteSwiftPackageReference "AlamofireImage" */;
			productName = AlamofireImage;
		};
		02A94434242B977300623BC4 /* SwiftDate */ = {
			isa = XCSwiftPackageProductDependency;
			package = 02A94433242B977300623BC4 /* XCRemoteSwiftPackageReference "SwiftDate" */;
			productName = SwiftDate;
		};
		02A94437242B979E00623BC4 /* Haptica */ = {
			isa = XCSwiftPackageProductDependency;
			package = 02A94436242B979E00623BC4 /* XCRemoteSwiftPackageReference "Haptica" */;
			productName = Haptica;
		};
		02A9443A242B98EB00623BC4 /* MSBBarChart */ = {
			isa = XCSwiftPackageProductDependency;
			package = 02A94439242B98EB00623BC4 /* XCRemoteSwiftPackageReference "MSBBarChart" */;
			productName = MSBBarChart;
		};
/* End XCSwiftPackageProductDependency section */
	};
	rootObject = 02A94402242B8CE100623BC4 /* Project object */;
}
